// !$*UTF8*$!
{
	archiveVersion = 1;
	classes = {
	};
	objectVersion = 46;
	objects = {

/* Begin PBXBuildFile section */
		A624F4172150E1F50075788B /* ulib.framework in Frameworks */ = {isa = PBXBuildFile; fileRef = A65781D41CF54CF700211137 /* ulib.framework */; };
		A62E0817215CAC2500D205F0 /* ulibtcap.framework in Frameworks */ = {isa = PBXBuildFile; fileRef = A62E0816215CAC2500D205F0 /* ulibtcap.framework */; };
		A62E081A215CB26B00D205F0 /* UMLayerCamel.h in Headers */ = {isa = PBXBuildFile; fileRef = A62E0818215CB26B00D205F0 /* UMLayerCamel.h */; settings = {ATTRIBUTES = (Public, ); }; };
		A62E081B215CB26B00D205F0 /* UMLayerCamel.m in Sources */ = {isa = PBXBuildFile; fileRef = A62E0819215CB26B00D205F0 /* UMLayerCamel.m */; };
		A62E0827215CCAB800D205F0 /* UMCamelOperationCode.h in Headers */ = {isa = PBXBuildFile; fileRef = A62E0825215CCAB800D205F0 /* UMCamelOperationCode.h */; settings = {ATTRIBUTES = (Public, ); }; };
		A62E082B215CCDDD00D205F0 /* UMCamelProviderProtocol.h in Headers */ = {isa = PBXBuildFile; fileRef = A62E0829215CCDDD00D205F0 /* UMCamelProviderProtocol.h */; settings = {ATTRIBUTES = (Public, ); }; };
		A62E082F215CCF3900D205F0 /* UMCamelDialogIdentifier.h in Headers */ = {isa = PBXBuildFile; fileRef = A62E082D215CCF3900D205F0 /* UMCamelDialogIdentifier.h */; settings = {ATTRIBUTES = (Public, ); }; };
		A62E0830215CCF3900D205F0 /* UMCamelDialogIdentifier.m in Sources */ = {isa = PBXBuildFile; fileRef = A62E082E215CCF3900D205F0 /* UMCamelDialogIdentifier.m */; };
		A62E0837215CD88B00D205F0 /* UMCamelErrorCode.h in Headers */ = {isa = PBXBuildFile; fileRef = A62E0835215CD88B00D205F0 /* UMCamelErrorCode.h */; settings = {ATTRIBUTES = (Public, ); }; };
		A62E083B215CD9C900D205F0 /* UMCamelDialog.h in Headers */ = {isa = PBXBuildFile; fileRef = A62E0839215CD9C900D205F0 /* UMCamelDialog.h */; settings = {ATTRIBUTES = (Public, ); }; };
		A62E083C215CD9C900D205F0 /* UMCamelDialog.m in Sources */ = {isa = PBXBuildFile; fileRef = A62E083A215CD9C900D205F0 /* UMCamelDialog.m */; };
		A62E083F215CDE0D00D205F0 /* UMCamelUserProtocol.h in Headers */ = {isa = PBXBuildFile; fileRef = A62E083D215CDE0D00D205F0 /* UMCamelUserProtocol.h */; settings = {ATTRIBUTES = (Public, ); }; };
		A62E0843215CE05E00D205F0 /* UMCamelUserIdentifier.h in Headers */ = {isa = PBXBuildFile; fileRef = A62E0841215CE05E00D205F0 /* UMCamelUserIdentifier.h */; settings = {ATTRIBUTES = (Public, ); }; };
		A62E0844215CE05E00D205F0 /* UMCamelUserIdentifier.m in Sources */ = {isa = PBXBuildFile; fileRef = A62E0842215CE05E00D205F0 /* UMCamelUserIdentifier.m */; };
		A62E0848215CE46600D205F0 /* UMCamel_InitialDPArg.h in Headers */ = {isa = PBXBuildFile; fileRef = A62E0846215CE46600D205F0 /* UMCamel_InitialDPArg.h */; settings = {ATTRIBUTES = (Public, ); }; };
		A62E0850215CE82D00D205F0 /* UMCamel_ServiceKey.h in Headers */ = {isa = PBXBuildFile; fileRef = A62E084E215CE82D00D205F0 /* UMCamel_ServiceKey.h */; settings = {ATTRIBUTES = (Public, ); }; };
		A62E0854215CE83800D205F0 /* UMCamel_CalledPartyNumber.h in Headers */ = {isa = PBXBuildFile; fileRef = A62E0852215CE83800D205F0 /* UMCamel_CalledPartyNumber.h */; settings = {ATTRIBUTES = (Public, ); }; };
		A62E0858215CE84400D205F0 /* UMCamel_CallingPartyNumber.h in Headers */ = {isa = PBXBuildFile; fileRef = A62E0856215CE84400D205F0 /* UMCamel_CallingPartyNumber.h */; settings = {ATTRIBUTES = (Public, ); }; };
		A62E085C215CE85100D205F0 /* UMCamel_CallingPartysCategory.h in Headers */ = {isa = PBXBuildFile; fileRef = A62E085A215CE85100D205F0 /* UMCamel_CallingPartysCategory.h */; settings = {ATTRIBUTES = (Public, ); }; };
		A62E0860215CE85C00D205F0 /* UMCamel_CGEncountered.h in Headers */ = {isa = PBXBuildFile; fileRef = A62E085E215CE85C00D205F0 /* UMCamel_CGEncountered.h */; settings = {ATTRIBUTES = (Public, ); }; };
		A62E0864215CE88900D205F0 /* UMCamel_IPSSPCapabilities.h in Headers */ = {isa = PBXBuildFile; fileRef = A62E0862215CE88900D205F0 /* UMCamel_IPSSPCapabilities.h */; settings = {ATTRIBUTES = (Public, ); }; };
		A62E0868215CE89400D205F0 /* UMCamel_LocationNumber.h in Headers */ = {isa = PBXBuildFile; fileRef = A62E0866215CE89400D205F0 /* UMCamel_LocationNumber.h */; settings = {ATTRIBUTES = (Public, ); }; };
		A62E086C215CE89D00D205F0 /* UMCamel_OriginalCalledPartyID.h in Headers */ = {isa = PBXBuildFile; fileRef = A62E086A215CE89D00D205F0 /* UMCamel_OriginalCalledPartyID.h */; settings = {ATTRIBUTES = (Public, ); }; };
		A62E0870215CE8AC00D205F0 /* UMCamel_ExtensionsArray.h in Headers */ = {isa = PBXBuildFile; fileRef = A62E086E215CE8AC00D205F0 /* UMCamel_ExtensionsArray.h */; settings = {ATTRIBUTES = (Public, ); }; };
		A62E0874215CE8B700D205F0 /* UMCamel_HighLayerCompatibility.h in Headers */ = {isa = PBXBuildFile; fileRef = A62E0872215CE8B700D205F0 /* UMCamel_HighLayerCompatibility.h */; settings = {ATTRIBUTES = (Public, ); }; };
		A62E087C215CE8CB00D205F0 /* UMCamel_BearerCapability.h in Headers */ = {isa = PBXBuildFile; fileRef = A62E087A215CE8CB00D205F0 /* UMCamel_BearerCapability.h */; settings = {ATTRIBUTES = (Public, ); }; };
		A62E0880215CE8D500D205F0 /* UMCamel_EventTypeBCSM.h in Headers */ = {isa = PBXBuildFile; fileRef = A62E087E215CE8D500D205F0 /* UMCamel_EventTypeBCSM.h */; settings = {ATTRIBUTES = (Public, ); }; };
		A62E0884215CE8DD00D205F0 /* UMCamel_RedirectingPartyID.h in Headers */ = {isa = PBXBuildFile; fileRef = A62E0882215CE8DD00D205F0 /* UMCamel_RedirectingPartyID.h */; settings = {ATTRIBUTES = (Public, ); }; };
		A62E0888215CE8E800D205F0 /* UMCamel_RedirectionInformation.h in Headers */ = {isa = PBXBuildFile; fileRef = A62E0886215CE8E800D205F0 /* UMCamel_RedirectionInformation.h */; settings = {ATTRIBUTES = (Public, ); }; };
		A62E088C215CE8F100D205F0 /* UMCamel_Cause.h in Headers */ = {isa = PBXBuildFile; fileRef = A62E088A215CE8F100D205F0 /* UMCamel_Cause.h */; settings = {ATTRIBUTES = (Public, ); }; };
		A62E0890215CE8FA00D205F0 /* UMCamel_ServiceInteractionIndicatorsTwo.h in Headers */ = {isa = PBXBuildFile; fileRef = A62E088E215CE8FA00D205F0 /* UMCamel_ServiceInteractionIndicatorsTwo.h */; settings = {ATTRIBUTES = (Public, ); }; };
		A62E0894215CE90200D205F0 /* UMCamel_Carrier.h in Headers */ = {isa = PBXBuildFile; fileRef = A62E0892215CE90200D205F0 /* UMCamel_Carrier.h */; settings = {ATTRIBUTES = (Public, ); }; };
		A62E0898215CE90900D205F0 /* UMCamel_CUG_Index.h in Headers */ = {isa = PBXBuildFile; fileRef = A62E0896215CE90900D205F0 /* UMCamel_CUG_Index.h */; settings = {ATTRIBUTES = (Public, ); }; };
		A62E089C215CE91100D205F0 /* UMCamel_CUG_Interlock.h in Headers */ = {isa = PBXBuildFile; fileRef = A62E089A215CE91100D205F0 /* UMCamel_CUG_Interlock.h */; settings = {ATTRIBUTES = (Public, ); }; };
		A62E08A0215CE91900D205F0 /* UMCamel_IMSI.h in Headers */ = {isa = PBXBuildFile; fileRef = A62E089E215CE91900D205F0 /* UMCamel_IMSI.h */; settings = {ATTRIBUTES = (Public, ); }; };
		A62E08A4215CE92100D205F0 /* UMCamel_SubscriberState.h in Headers */ = {isa = PBXBuildFile; fileRef = A62E08A2215CE92100D205F0 /* UMCamel_SubscriberState.h */; settings = {ATTRIBUTES = (Public, ); }; };
		A62E08A8215CE92800D205F0 /* UMCamel_LocationInformation.h in Headers */ = {isa = PBXBuildFile; fileRef = A62E08A6215CE92800D205F0 /* UMCamel_LocationInformation.h */; settings = {ATTRIBUTES = (Public, ); }; };
		A62E08AC215CE92F00D205F0 /* UMCamel_Ext_BasicServiceCode.h in Headers */ = {isa = PBXBuildFile; fileRef = A62E08AA215CE92F00D205F0 /* UMCamel_Ext_BasicServiceCode.h */; settings = {ATTRIBUTES = (Public, ); }; };
		A62E08B0215CE95400D205F0 /* UMCamel_CallReferenceNumber.h in Headers */ = {isa = PBXBuildFile; fileRef = A62E08AE215CE95400D205F0 /* UMCamel_CallReferenceNumber.h */; settings = {ATTRIBUTES = (Public, ); }; };
		A62E08B4215CE99700D205F0 /* UMCamel_ISDN_AddressString.h in Headers */ = {isa = PBXBuildFile; fileRef = A62E08B2215CE99700D205F0 /* UMCamel_ISDN_AddressString.h */; settings = {ATTRIBUTES = (Public, ); }; };
		A62E08B8215CE99E00D205F0 /* UMCamel_CalledPartyBCDNumber.h in Headers */ = {isa = PBXBuildFile; fileRef = A62E08B6215CE99E00D205F0 /* UMCamel_CalledPartyBCDNumber.h */; settings = {ATTRIBUTES = (Public, ); }; };
		A62E08BC215CE9A600D205F0 /* UMCamel_TimeAndTimezone.h in Headers */ = {isa = PBXBuildFile; fileRef = A62E08BA215CE9A600D205F0 /* UMCamel_TimeAndTimezone.h */; settings = {ATTRIBUTES = (Public, ); }; };
		A62E08C0215CE9AD00D205F0 /* UMCamel_InitialDPArgExtension.h in Headers */ = {isa = PBXBuildFile; fileRef = A62E08BE215CE9AD00D205F0 /* UMCamel_InitialDPArgExtension.h */; settings = {ATTRIBUTES = (Public, ); }; };
		A62E08C4215CF33F00D205F0 /* UMCamel_ASN1_macros.h in Headers */ = {isa = PBXBuildFile; fileRef = A62E08C2215CF33F00D205F0 /* UMCamel_ASN1_macros.h */; settings = {ATTRIBUTES = (Public, ); }; };
		A62E08C8215CF8AA00D205F0 /* UMCamelOperation.h in Headers */ = {isa = PBXBuildFile; fileRef = A62E08C6215CF8AA00D205F0 /* UMCamelOperation.h */; settings = {ATTRIBUTES = (Public, ); }; };
		A62E08CC215D062D00D205F0 /* UMCamel_InitialDPSMSArg.h in Headers */ = {isa = PBXBuildFile; fileRef = A62E08CA215D062D00D205F0 /* UMCamel_InitialDPSMSArg.h */; settings = {ATTRIBUTES = (Public, ); }; };
		A62E08D1215D090700D205F0 /* UMCamel_SMS_AddressString.h in Headers */ = {isa = PBXBuildFile; fileRef = A62E08CF215D090700D205F0 /* UMCamel_SMS_AddressString.h */; settings = {ATTRIBUTES = (Public, ); }; };
		A62E08D5215D092200D205F0 /* UMCamel_EventTypeSMS.h in Headers */ = {isa = PBXBuildFile; fileRef = A62E08D3215D092200D205F0 /* UMCamel_EventTypeSMS.h */; settings = {ATTRIBUTES = (Public, ); }; };
		A62E08D9215D093800D205F0 /* UMCamel_LocationInformationGPRS.h in Headers */ = {isa = PBXBuildFile; fileRef = A62E08D7215D093800D205F0 /* UMCamel_LocationInformationGPRS.h */; settings = {ATTRIBUTES = (Public, ); }; };
		A62E08DD215D094A00D205F0 /* UMCamel_TPShortMessageSpecificInfo.h in Headers */ = {isa = PBXBuildFile; fileRef = A62E08DB215D094A00D205F0 /* UMCamel_TPShortMessageSpecificInfo.h */; settings = {ATTRIBUTES = (Public, ); }; };
		A62E08E1215D095C00D205F0 /* UMCamel_TPProtocolIdentifier.h in Headers */ = {isa = PBXBuildFile; fileRef = A62E08DF215D095C00D205F0 /* UMCamel_TPProtocolIdentifier.h */; settings = {ATTRIBUTES = (Public, ); }; };
		A62E08E5215D096F00D205F0 /* UMCamel_TPDataCodingScheme.h in Headers */ = {isa = PBXBuildFile; fileRef = A62E08E3215D096F00D205F0 /* UMCamel_TPDataCodingScheme.h */; settings = {ATTRIBUTES = (Public, ); }; };
		A62E08E9215D097900D205F0 /* UMCamel_TPValidityPeriod.h in Headers */ = {isa = PBXBuildFile; fileRef = A62E08E7215D097900D205F0 /* UMCamel_TPValidityPeriod.h */; settings = {ATTRIBUTES = (Public, ); }; };
		A62E08ED215D098600D205F0 /* UMCamel_MS_Classmark2.h in Headers */ = {isa = PBXBuildFile; fileRef = A62E08EB215D098600D205F0 /* UMCamel_MS_Classmark2.h */; settings = {ATTRIBUTES = (Public, ); }; };
		A62E08F1215D099500D205F0 /* UMCamel_GPRSMSClass.h in Headers */ = {isa = PBXBuildFile; fileRef = A62E08EF215D099500D205F0 /* UMCamel_GPRSMSClass.h */; settings = {ATTRIBUTES = (Public, ); }; };
		A62E08F5215D09C100D205F0 /* UMCamel_IMEI.h in Headers */ = {isa = PBXBuildFile; fileRef = A62E08F3215D09C100D205F0 /* UMCamel_IMEI.h */; settings = {ATTRIBUTES = (Public, ); }; };
		A65781BE1CF54A3600211137 /* ulibcamel.h in Headers */ = {isa = PBXBuildFile; fileRef = A65781BD1CF54A3600211137 /* ulibcamel.h */; settings = {ATTRIBUTES = (Public, ); }; };
		A65781C51CF54A3600211137 /* ulibcamel.framework in Frameworks */ = {isa = PBXBuildFile; fileRef = A65781BA1CF54A3600211137 /* ulibcamel.framework */; };
		A65781CA1CF54A3600211137 /* ulibcamelTests.m in Sources */ = {isa = PBXBuildFile; fileRef = A65781C91CF54A3600211137 /* ulibcamelTests.m */; };
		A65781D51CF54CF700211137 /* ulib.framework in Frameworks */ = {isa = PBXBuildFile; fileRef = A65781D41CF54CF700211137 /* ulib.framework */; };
		A6932D7621652BFB003A477B /* UMCamel_AdditionalCallingPartyNumber.h in Headers */ = {isa = PBXBuildFile; fileRef = A62E0876215CE8C200D205F0 /* UMCamel_AdditionalCallingPartyNumber.h */; settings = {ATTRIBUTES = (Public, ); }; };
		A6932D7721652C32003A477B /* UMCamel_AdditionalCallingPartyNumber.m in Sources */ = {isa = PBXBuildFile; fileRef = A62E0877215CE8C200D205F0 /* UMCamel_AdditionalCallingPartyNumber.m */; };
		A6932D7821652C32003A477B /* UMCamel_AlertingPattern.m in Sources */ = {isa = PBXBuildFile; fileRef = A6BD35FB215E117E002085BA /* UMCamel_AlertingPattern.m */; };
		A6932D7921652C32003A477B /* UMCamel_BearerCapability.m in Sources */ = {isa = PBXBuildFile; fileRef = A62E087B215CE8CB00D205F0 /* UMCamel_BearerCapability.m */; };
		A6932D7A21652C32003A477B /* UMCamel_CalledPartyBCDNumber.m in Sources */ = {isa = PBXBuildFile; fileRef = A62E08B7215CE99E00D205F0 /* UMCamel_CalledPartyBCDNumber.m */; };
		A6932D7B21652C32003A477B /* UMCamel_CalledPartyNumber.m in Sources */ = {isa = PBXBuildFile; fileRef = A62E0853215CE83800D205F0 /* UMCamel_CalledPartyNumber.m */; };
		A6932D7C21652C32003A477B /* UMCamel_CallingPartyNumber.m in Sources */ = {isa = PBXBuildFile; fileRef = A62E0857215CE84400D205F0 /* UMCamel_CallingPartyNumber.m */; };
		A6932D7D21652C32003A477B /* UMCamel_CallingPartysCategory.m in Sources */ = {isa = PBXBuildFile; fileRef = A62E085B215CE85100D205F0 /* UMCamel_CallingPartysCategory.m */; };
		A6932D7E21652C32003A477B /* UMCamel_CallReferenceNumber.m in Sources */ = {isa = PBXBuildFile; fileRef = A62E08AF215CE95400D205F0 /* UMCamel_CallReferenceNumber.m */; };
		A6932D7F21652C32003A477B /* UMCamel_Carrier.m in Sources */ = {isa = PBXBuildFile; fileRef = A62E0893215CE90200D205F0 /* UMCamel_Carrier.m */; };
		A6932D8021652C32003A477B /* UMCamel_Cause.m in Sources */ = {isa = PBXBuildFile; fileRef = A62E088B215CE8F100D205F0 /* UMCamel_Cause.m */; };
		A6932D8121652C32003A477B /* UMCamel_CGEncountered.m in Sources */ = {isa = PBXBuildFile; fileRef = A62E085F215CE85C00D205F0 /* UMCamel_CGEncountered.m */; };
		A6932D8221652C32003A477B /* UMCamel_ChargeNumber.m in Sources */ = {isa = PBXBuildFile; fileRef = A6BD3607215E11C0002085BA /* UMCamel_ChargeNumber.m */; };
		A6932D8321652C32003A477B /* UMCamel_ConnectArg.m in Sources */ = {isa = PBXBuildFile; fileRef = A6BD35EF215E0EE9002085BA /* UMCamel_ConnectArg.m */; };
		A6932D8421652C32003A477B /* UMCamel_CUG_Index.m in Sources */ = {isa = PBXBuildFile; fileRef = A62E0897215CE90900D205F0 /* UMCamel_CUG_Index.m */; };
		A6932D8521652C32003A477B /* UMCamel_CUG_Interlock.m in Sources */ = {isa = PBXBuildFile; fileRef = A62E089B215CE91100D205F0 /* UMCamel_CUG_Interlock.m */; };
		A6932D8621652C32003A477B /* UMCamel_DestinationRoutingAddress.m in Sources */ = {isa = PBXBuildFile; fileRef = A6BD35F7215E1123002085BA /* UMCamel_DestinationRoutingAddress.m */; };
		A6932D8721652C32003A477B /* UMCamel_EtsiNumber.m in Sources */ = {isa = PBXBuildFile; fileRef = A6BD3627215E24C3002085BA /* UMCamel_EtsiNumber.m */; };
		A6932D8821652C32003A477B /* UMCamel_EventTypeBCSM.m in Sources */ = {isa = PBXBuildFile; fileRef = A62E087F215CE8D500D205F0 /* UMCamel_EventTypeBCSM.m */; };
		A6932D8921652C32003A477B /* UMCamel_EventTypeSMS.m in Sources */ = {isa = PBXBuildFile; fileRef = A62E08D4215D092200D205F0 /* UMCamel_EventTypeSMS.m */; };
		A6932D8A21652C32003A477B /* UMCamel_Ext_BasicServiceCode.m in Sources */ = {isa = PBXBuildFile; fileRef = A62E08AB215CE92F00D205F0 /* UMCamel_Ext_BasicServiceCode.m */; };
		A6932D8B21652C32003A477B /* UMCamel_ExtensionsArray.m in Sources */ = {isa = PBXBuildFile; fileRef = A62E086F215CE8AC00D205F0 /* UMCamel_ExtensionsArray.m */; };
		A6932D8C21652C32003A477B /* UMCamel_GenericNumbers.m in Sources */ = {isa = PBXBuildFile; fileRef = A6BD3603215E11B0002085BA /* UMCamel_GenericNumbers.m */; };
		A6932D8D21652C32003A477B /* UMCamel_GPRSMSClass.m in Sources */ = {isa = PBXBuildFile; fileRef = A62E08F0215D099500D205F0 /* UMCamel_GPRSMSClass.m */; };
		A6932D8E21652C32003A477B /* UMCamel_HighLayerCompatibility.m in Sources */ = {isa = PBXBuildFile; fileRef = A62E0873215CE8B700D205F0 /* UMCamel_HighLayerCompatibility.m */; };
		A6932D8F21652C32003A477B /* UMCamel_IMEI.m in Sources */ = {isa = PBXBuildFile; fileRef = A62E08F4215D09C100D205F0 /* UMCamel_IMEI.m */; };
		A6932D9021652C32003A477B /* UMCamel_IMSI.m in Sources */ = {isa = PBXBuildFile; fileRef = A62E089F215CE91900D205F0 /* UMCamel_IMSI.m */; };
		A6932D9121652C32003A477B /* UMCamel_InitialDPArg.m in Sources */ = {isa = PBXBuildFile; fileRef = A62E0847215CE46600D205F0 /* UMCamel_InitialDPArg.m */; };
		A6932D9221652C32003A477B /* UMCamel_InitialDPArgExtension.m in Sources */ = {isa = PBXBuildFile; fileRef = A62E08BF215CE9AD00D205F0 /* UMCamel_InitialDPArgExtension.m */; };
		A6932D9321652C32003A477B /* UMCamel_IPSSPCapabilities.m in Sources */ = {isa = PBXBuildFile; fileRef = A62E0863215CE88900D205F0 /* UMCamel_IPSSPCapabilities.m */; };
		A6932D9421652C32003A477B /* UMCamel_ISDN_AddressString.m in Sources */ = {isa = PBXBuildFile; fileRef = A62E08B3215CE99700D205F0 /* UMCamel_ISDN_AddressString.m */; };
		A6932D9521652C32003A477B /* UMCamel_LegID.m in Sources */ = {isa = PBXBuildFile; fileRef = A6BD360B215E11D5002085BA /* UMCamel_LegID.m */; };
		A6932D9621652C32003A477B /* UMCamel_LocationInformation.m in Sources */ = {isa = PBXBuildFile; fileRef = A62E08A7215CE92800D205F0 /* UMCamel_LocationInformation.m */; };
		A6932D9721652C32003A477B /* UMCamel_LocationInformationGPRS.m in Sources */ = {isa = PBXBuildFile; fileRef = A62E08D8215D093800D205F0 /* UMCamel_LocationInformationGPRS.m */; };
		A6932D9821652C32003A477B /* UMCamel_LocationNumber.m in Sources */ = {isa = PBXBuildFile; fileRef = A62E0867215CE89400D205F0 /* UMCamel_LocationNumber.m */; };
		A6932D9921652C32003A477B /* UMCamel_MS_Classmark2.m in Sources */ = {isa = PBXBuildFile; fileRef = A62E08EC215D098600D205F0 /* UMCamel_MS_Classmark2.m */; };
		A6932D9A21652C32003A477B /* UMCamel_NAOliInfo.m in Sources */ = {isa = PBXBuildFile; fileRef = A6BD3617215E120E002085BA /* UMCamel_NAOliInfo.m */; };
		A6932D9B21652C32003A477B /* UMCamel_OCSIApplicable.m in Sources */ = {isa = PBXBuildFile; fileRef = A6BD3613215E11F9002085BA /* UMCamel_OCSIApplicable.m */; };
		A6932D9C21652C32003A477B /* UMCamel_OriginalCalledPartyID.m in Sources */ = {isa = PBXBuildFile; fileRef = A62E086B215CE89D00D205F0 /* UMCamel_OriginalCalledPartyID.m */; };
		A6932D9D21652C32003A477B /* UMCamel_RedirectingPartyID.m in Sources */ = {isa = PBXBuildFile; fileRef = A62E0883215CE8DD00D205F0 /* UMCamel_RedirectingPartyID.m */; };
		A6932D9E21652C32003A477B /* UMCamel_RedirectionInformation.m in Sources */ = {isa = PBXBuildFile; fileRef = A62E0887215CE8E800D205F0 /* UMCamel_RedirectionInformation.m */; };
		A6932D9F21652C32003A477B /* UMCamel_ServiceInteractionIndicatorsTwo.m in Sources */ = {isa = PBXBuildFile; fileRef = A62E088F215CE8FA00D205F0 /* UMCamel_ServiceInteractionIndicatorsTwo.m */; };
		A6932DA021652C32003A477B /* UMCamel_ServiceKey.m in Sources */ = {isa = PBXBuildFile; fileRef = A62E084F215CE82D00D205F0 /* UMCamel_ServiceKey.m */; };
		A6932DA121652C32003A477B /* UMCamel_SMS_AddressString.m in Sources */ = {isa = PBXBuildFile; fileRef = A62E08D0215D090700D205F0 /* UMCamel_SMS_AddressString.m */; };
		A6932DA221652C32003A477B /* UMCamel_SubscriberState.m in Sources */ = {isa = PBXBuildFile; fileRef = A62E08A3215CE92100D205F0 /* UMCamel_SubscriberState.m */; };
		A6932DA321652C32003A477B /* UMCamel_SuppressionOfAnnouncement.m in Sources */ = {isa = PBXBuildFile; fileRef = A6BD360F215E11E9002085BA /* UMCamel_SuppressionOfAnnouncement.m */; };
		A6932DA421652C32003A477B /* UMCamel_TimeAndTimezone.m in Sources */ = {isa = PBXBuildFile; fileRef = A62E08BB215CE9A600D205F0 /* UMCamel_TimeAndTimezone.m */; };
		A6932DA521652C32003A477B /* UMCamel_TPDataCodingScheme.m in Sources */ = {isa = PBXBuildFile; fileRef = A62E08E4215D096F00D205F0 /* UMCamel_TPDataCodingScheme.m */; };
		A6932DA621652C32003A477B /* UMCamel_TPProtocolIdentifier.m in Sources */ = {isa = PBXBuildFile; fileRef = A62E08E0215D095C00D205F0 /* UMCamel_TPProtocolIdentifier.m */; };
		A6932DA721652C32003A477B /* UMCamel_TPShortMessageSpecificInfo.m in Sources */ = {isa = PBXBuildFile; fileRef = A62E08DC215D094A00D205F0 /* UMCamel_TPShortMessageSpecificInfo.m */; };
		A6932DA821652C32003A477B /* UMCamel_TPValidityPeriod.m in Sources */ = {isa = PBXBuildFile; fileRef = A62E08E8215D097900D205F0 /* UMCamel_TPValidityPeriod.m */; };
		A6932DA921652C32003A477B /* UMCamelInvoke.m in Sources */ = {isa = PBXBuildFile; fileRef = A6BD361F215E18B4002085BA /* UMCamelInvoke.m */; };
		A6932DAA21652C32003A477B /* UMCamelObject.m in Sources */ = {isa = PBXBuildFile; fileRef = A6BD361B215E18AA002085BA /* UMCamelObject.m */; };
		A6BD35D2215DFB86002085BA /* main.m in Sources */ = {isa = PBXBuildFile; fileRef = A6BD35D1215DFB86002085BA /* main.m */; };
		A6BD35D6215DFBA5002085BA /* ulib.framework in Frameworks */ = {isa = PBXBuildFile; fileRef = A65781D41CF54CF700211137 /* ulib.framework */; };
		A6BD35D7215DFBB1002085BA /* ulibtcap.framework in Frameworks */ = {isa = PBXBuildFile; fileRef = A62E0816215CAC2500D205F0 /* ulibtcap.framework */; };
		A6BD35D9215DFBC1002085BA /* ulibasn1.framework in Frameworks */ = {isa = PBXBuildFile; fileRef = A6BD35D8215DFBC1002085BA /* ulibasn1.framework */; };
		A6BD35DA215DFBC1002085BA /* ulibasn1.framework in Frameworks */ = {isa = PBXBuildFile; fileRef = A6BD35D8215DFBC1002085BA /* ulibasn1.framework */; };
		A6BD35DB215DFBC1002085BA /* ulibasn1.framework in Frameworks */ = {isa = PBXBuildFile; fileRef = A6BD35D8215DFBC1002085BA /* ulibasn1.framework */; };
		A6BD35DC215DFBC3002085BA /* ulibtcap.framework in Frameworks */ = {isa = PBXBuildFile; fileRef = A62E0816215CAC2500D205F0 /* ulibtcap.framework */; };
		A6BD35E2215DFD2E002085BA /* AppDelegate.m in Sources */ = {isa = PBXBuildFile; fileRef = A6BD35DE215DFD2E002085BA /* AppDelegate.m */; };
		A6BD35E5215E001C002085BA /* version.h in Headers */ = {isa = PBXBuildFile; fileRef = A6BD35E3215E001C002085BA /* version.h */; };
		A6BD35E9215E0874002085BA /* ulibcamel.framework in Frameworks */ = {isa = PBXBuildFile; fileRef = A65781BA1CF54A3600211137 /* ulibcamel.framework */; };
		A6BD35F0215E0EE9002085BA /* UMCamel_ConnectArg.h in Headers */ = {isa = PBXBuildFile; fileRef = A6BD35EE215E0EE9002085BA /* UMCamel_ConnectArg.h */; settings = {ATTRIBUTES = (Public, ); }; };
		A6BD35F8215E1123002085BA /* UMCamel_DestinationRoutingAddress.h in Headers */ = {isa = PBXBuildFile; fileRef = A6BD35F6215E1123002085BA /* UMCamel_DestinationRoutingAddress.h */; settings = {ATTRIBUTES = (Public, ); }; };
		A6BD35FC215E117E002085BA /* UMCamel_AlertingPattern.h in Headers */ = {isa = PBXBuildFile; fileRef = A6BD35FA215E117E002085BA /* UMCamel_AlertingPattern.h */; settings = {ATTRIBUTES = (Public, ); }; };
		A6BD3604215E11B0002085BA /* UMCamel_GenericNumbers.h in Headers */ = {isa = PBXBuildFile; fileRef = A6BD3602215E11B0002085BA /* UMCamel_GenericNumbers.h */; settings = {ATTRIBUTES = (Public, ); }; };
		A6BD3608215E11C0002085BA /* UMCamel_ChargeNumber.h in Headers */ = {isa = PBXBuildFile; fileRef = A6BD3606215E11C0002085BA /* UMCamel_ChargeNumber.h */; settings = {ATTRIBUTES = (Public, ); }; };
		A6BD360C215E11D5002085BA /* UMCamel_LegID.h in Headers */ = {isa = PBXBuildFile; fileRef = A6BD360A215E11D5002085BA /* UMCamel_LegID.h */; settings = {ATTRIBUTES = (Public, ); }; };
		A6BD3610215E11E9002085BA /* UMCamel_SuppressionOfAnnouncement.h in Headers */ = {isa = PBXBuildFile; fileRef = A6BD360E215E11E9002085BA /* UMCamel_SuppressionOfAnnouncement.h */; settings = {ATTRIBUTES = (Public, ); }; };
		A6BD3614215E11F9002085BA /* UMCamel_OCSIApplicable.h in Headers */ = {isa = PBXBuildFile; fileRef = A6BD3612215E11F9002085BA /* UMCamel_OCSIApplicable.h */; settings = {ATTRIBUTES = (Public, ); }; };
		A6BD3618215E120E002085BA /* UMCamel_NAOliInfo.h in Headers */ = {isa = PBXBuildFile; fileRef = A6BD3616215E120E002085BA /* UMCamel_NAOliInfo.h */; settings = {ATTRIBUTES = (Public, ); }; };
		A6BD361C215E18AA002085BA /* UMCamelObject.h in Headers */ = {isa = PBXBuildFile; fileRef = A6BD361A215E18AA002085BA /* UMCamelObject.h */; settings = {ATTRIBUTES = (Public, ); }; };
		A6BD3620215E18B4002085BA /* UMCamelInvoke.h in Headers */ = {isa = PBXBuildFile; fileRef = A6BD361E215E18B4002085BA /* UMCamelInvoke.h */; settings = {ATTRIBUTES = (Public, ); }; };
		A6BD3628215E24C3002085BA /* UMCamel_EtsiNumber.h in Headers */ = {isa = PBXBuildFile; fileRef = A6BD3626215E24C3002085BA /* UMCamel_EtsiNumber.h */; settings = {ATTRIBUTES = (Public, ); }; };
		A6F6D59E21652D31007BF702 /* UMCamel_InitialDPSMSArg.m in Sources */ = {isa = PBXBuildFile; fileRef = A6F6D59D21652D31007BF702 /* UMCamel_InitialDPSMSArg.m */; };
/* End PBXBuildFile section */

/* Begin PBXContainerItemProxy section */
		A65781C61CF54A3600211137 /* PBXContainerItemProxy */ = {
			isa = PBXContainerItemProxy;
			containerPortal = A65781B11CF54A3600211137 /* Project object */;
			proxyType = 1;
			remoteGlobalIDString = A65781B91CF54A3600211137;
			remoteInfo = ulibcamel;
		};
/* End PBXContainerItemProxy section */

/* Begin PBXCopyFilesBuildPhase section */
		A6BD35CD215DFB86002085BA /* CopyFiles */ = {
			isa = PBXCopyFilesBuildPhase;
			buildActionMask = 2147483647;
			dstPath = /usr/share/man/man1/;
			dstSubfolderSpec = 0;
			files = (
			);
			runOnlyForDeploymentPostprocessing = 1;
		};
/* End PBXCopyFilesBuildPhase section */

/* Begin PBXFileReference section */
		A62E0816215CAC2500D205F0 /* ulibtcap.framework */ = {isa = PBXFileReference; lastKnownFileType = wrapper.framework; name = ulibtcap.framework; path = /Library/Frameworks/ulibtcap.framework; sourceTree = "<absolute>"; };
		A62E0818215CB26B00D205F0 /* UMLayerCamel.h */ = {isa = PBXFileReference; lastKnownFileType = sourcecode.c.h; path = UMLayerCamel.h; sourceTree = "<group>"; };
		A62E0819215CB26B00D205F0 /* UMLayerCamel.m */ = {isa = PBXFileReference; lastKnownFileType = sourcecode.c.objc; path = UMLayerCamel.m; sourceTree = "<group>"; };
		A62E081C215CB29200D205F0 /* VERSION */ = {isa = PBXFileReference; fileEncoding = 4; lastKnownFileType = text; path = VERSION; sourceTree = "<group>"; };
		A62E081F215CB2A900D205F0 /* ts_129078v031600p.pdf */ = {isa = PBXFileReference; lastKnownFileType = image.pdf; path = ts_129078v031600p.pdf; sourceTree = "<group>"; };
		A62E0820215CB2A900D205F0 /* ts_129078v120000p.pdf */ = {isa = PBXFileReference; lastKnownFileType = image.pdf; path = ts_129078v120000p.pdf; sourceTree = "<group>"; };
		A62E0821215CB2A900D205F0 /* ts_129078v040900p.pdf */ = {isa = PBXFileReference; lastKnownFileType = image.pdf; path = ts_129078v040900p.pdf; sourceTree = "<group>"; };
		A62E0825215CCAB800D205F0 /* UMCamelOperationCode.h */ = {isa = PBXFileReference; lastKnownFileType = sourcecode.c.h; path = UMCamelOperationCode.h; sourceTree = "<group>"; };
		A62E0829215CCDDD00D205F0 /* UMCamelProviderProtocol.h */ = {isa = PBXFileReference; lastKnownFileType = sourcecode.c.h; path = UMCamelProviderProtocol.h; sourceTree = "<group>"; };
		A62E082D215CCF3900D205F0 /* UMCamelDialogIdentifier.h */ = {isa = PBXFileReference; lastKnownFileType = sourcecode.c.h; path = UMCamelDialogIdentifier.h; sourceTree = "<group>"; };
		A62E082E215CCF3900D205F0 /* UMCamelDialogIdentifier.m */ = {isa = PBXFileReference; lastKnownFileType = sourcecode.c.objc; path = UMCamelDialogIdentifier.m; sourceTree = "<group>"; };
		A62E0835215CD88B00D205F0 /* UMCamelErrorCode.h */ = {isa = PBXFileReference; lastKnownFileType = sourcecode.c.h; path = UMCamelErrorCode.h; sourceTree = "<group>"; };
		A62E0839215CD9C900D205F0 /* UMCamelDialog.h */ = {isa = PBXFileReference; lastKnownFileType = sourcecode.c.h; path = UMCamelDialog.h; sourceTree = "<group>"; };
		A62E083A215CD9C900D205F0 /* UMCamelDialog.m */ = {isa = PBXFileReference; lastKnownFileType = sourcecode.c.objc; path = UMCamelDialog.m; sourceTree = "<group>"; };
		A62E083D215CDE0D00D205F0 /* UMCamelUserProtocol.h */ = {isa = PBXFileReference; lastKnownFileType = sourcecode.c.h; path = UMCamelUserProtocol.h; sourceTree = "<group>"; };
		A62E0841215CE05E00D205F0 /* UMCamelUserIdentifier.h */ = {isa = PBXFileReference; lastKnownFileType = sourcecode.c.h; path = UMCamelUserIdentifier.h; sourceTree = "<group>"; };
		A62E0842215CE05E00D205F0 /* UMCamelUserIdentifier.m */ = {isa = PBXFileReference; lastKnownFileType = sourcecode.c.objc; path = UMCamelUserIdentifier.m; sourceTree = "<group>"; };
		A62E0846215CE46600D205F0 /* UMCamel_InitialDPArg.h */ = {isa = PBXFileReference; lastKnownFileType = sourcecode.c.h; path = UMCamel_InitialDPArg.h; sourceTree = "<group>"; };
		A62E0847215CE46600D205F0 /* UMCamel_InitialDPArg.m */ = {isa = PBXFileReference; lastKnownFileType = sourcecode.c.objc; path = UMCamel_InitialDPArg.m; sourceTree = "<group>"; };
		A62E084A215CE4AE00D205F0 /* UMCamel_InitialDPArg.asn1 */ = {isa = PBXFileReference; lastKnownFileType = text; path = UMCamel_InitialDPArg.asn1; sourceTree = "<group>"; };
		A62E084E215CE82D00D205F0 /* UMCamel_ServiceKey.h */ = {isa = PBXFileReference; lastKnownFileType = sourcecode.c.h; path = UMCamel_ServiceKey.h; sourceTree = "<group>"; };
		A62E084F215CE82D00D205F0 /* UMCamel_ServiceKey.m */ = {isa = PBXFileReference; lastKnownFileType = sourcecode.c.objc; path = UMCamel_ServiceKey.m; sourceTree = "<group>"; };
		A62E0852215CE83800D205F0 /* UMCamel_CalledPartyNumber.h */ = {isa = PBXFileReference; lastKnownFileType = sourcecode.c.h; path = UMCamel_CalledPartyNumber.h; sourceTree = "<group>"; };
		A62E0853215CE83800D205F0 /* UMCamel_CalledPartyNumber.m */ = {isa = PBXFileReference; lastKnownFileType = sourcecode.c.objc; path = UMCamel_CalledPartyNumber.m; sourceTree = "<group>"; };
		A62E0856215CE84400D205F0 /* UMCamel_CallingPartyNumber.h */ = {isa = PBXFileReference; lastKnownFileType = sourcecode.c.h; path = UMCamel_CallingPartyNumber.h; sourceTree = "<group>"; };
		A62E0857215CE84400D205F0 /* UMCamel_CallingPartyNumber.m */ = {isa = PBXFileReference; lastKnownFileType = sourcecode.c.objc; path = UMCamel_CallingPartyNumber.m; sourceTree = "<group>"; };
		A62E085A215CE85100D205F0 /* UMCamel_CallingPartysCategory.h */ = {isa = PBXFileReference; lastKnownFileType = sourcecode.c.h; path = UMCamel_CallingPartysCategory.h; sourceTree = "<group>"; };
		A62E085B215CE85100D205F0 /* UMCamel_CallingPartysCategory.m */ = {isa = PBXFileReference; lastKnownFileType = sourcecode.c.objc; path = UMCamel_CallingPartysCategory.m; sourceTree = "<group>"; };
		A62E085E215CE85C00D205F0 /* UMCamel_CGEncountered.h */ = {isa = PBXFileReference; lastKnownFileType = sourcecode.c.h; path = UMCamel_CGEncountered.h; sourceTree = "<group>"; };
		A62E085F215CE85C00D205F0 /* UMCamel_CGEncountered.m */ = {isa = PBXFileReference; lastKnownFileType = sourcecode.c.objc; path = UMCamel_CGEncountered.m; sourceTree = "<group>"; };
		A62E0862215CE88900D205F0 /* UMCamel_IPSSPCapabilities.h */ = {isa = PBXFileReference; lastKnownFileType = sourcecode.c.h; path = UMCamel_IPSSPCapabilities.h; sourceTree = "<group>"; };
		A62E0863215CE88900D205F0 /* UMCamel_IPSSPCapabilities.m */ = {isa = PBXFileReference; lastKnownFileType = sourcecode.c.objc; path = UMCamel_IPSSPCapabilities.m; sourceTree = "<group>"; };
		A62E0866215CE89400D205F0 /* UMCamel_LocationNumber.h */ = {isa = PBXFileReference; lastKnownFileType = sourcecode.c.h; path = UMCamel_LocationNumber.h; sourceTree = "<group>"; };
		A62E0867215CE89400D205F0 /* UMCamel_LocationNumber.m */ = {isa = PBXFileReference; lastKnownFileType = sourcecode.c.objc; path = UMCamel_LocationNumber.m; sourceTree = "<group>"; };
		A62E086A215CE89D00D205F0 /* UMCamel_OriginalCalledPartyID.h */ = {isa = PBXFileReference; lastKnownFileType = sourcecode.c.h; path = UMCamel_OriginalCalledPartyID.h; sourceTree = "<group>"; };
		A62E086B215CE89D00D205F0 /* UMCamel_OriginalCalledPartyID.m */ = {isa = PBXFileReference; lastKnownFileType = sourcecode.c.objc; path = UMCamel_OriginalCalledPartyID.m; sourceTree = "<group>"; };
		A62E086E215CE8AC00D205F0 /* UMCamel_ExtensionsArray.h */ = {isa = PBXFileReference; lastKnownFileType = sourcecode.c.h; path = UMCamel_ExtensionsArray.h; sourceTree = "<group>"; };
		A62E086F215CE8AC00D205F0 /* UMCamel_ExtensionsArray.m */ = {isa = PBXFileReference; lastKnownFileType = sourcecode.c.objc; path = UMCamel_ExtensionsArray.m; sourceTree = "<group>"; };
		A62E0872215CE8B700D205F0 /* UMCamel_HighLayerCompatibility.h */ = {isa = PBXFileReference; lastKnownFileType = sourcecode.c.h; path = UMCamel_HighLayerCompatibility.h; sourceTree = "<group>"; };
		A62E0873215CE8B700D205F0 /* UMCamel_HighLayerCompatibility.m */ = {isa = PBXFileReference; lastKnownFileType = sourcecode.c.objc; path = UMCamel_HighLayerCompatibility.m; sourceTree = "<group>"; };
		A62E0876215CE8C200D205F0 /* UMCamel_AdditionalCallingPartyNumber.h */ = {isa = PBXFileReference; lastKnownFileType = sourcecode.c.h; path = UMCamel_AdditionalCallingPartyNumber.h; sourceTree = "<group>"; };
		A62E0877215CE8C200D205F0 /* UMCamel_AdditionalCallingPartyNumber.m */ = {isa = PBXFileReference; lastKnownFileType = sourcecode.c.objc; path = UMCamel_AdditionalCallingPartyNumber.m; sourceTree = "<group>"; };
		A62E087A215CE8CB00D205F0 /* UMCamel_BearerCapability.h */ = {isa = PBXFileReference; lastKnownFileType = sourcecode.c.h; path = UMCamel_BearerCapability.h; sourceTree = "<group>"; };
		A62E087B215CE8CB00D205F0 /* UMCamel_BearerCapability.m */ = {isa = PBXFileReference; lastKnownFileType = sourcecode.c.objc; path = UMCamel_BearerCapability.m; sourceTree = "<group>"; };
		A62E087E215CE8D500D205F0 /* UMCamel_EventTypeBCSM.h */ = {isa = PBXFileReference; lastKnownFileType = sourcecode.c.h; path = UMCamel_EventTypeBCSM.h; sourceTree = "<group>"; };
		A62E087F215CE8D500D205F0 /* UMCamel_EventTypeBCSM.m */ = {isa = PBXFileReference; lastKnownFileType = sourcecode.c.objc; path = UMCamel_EventTypeBCSM.m; sourceTree = "<group>"; };
		A62E0882215CE8DD00D205F0 /* UMCamel_RedirectingPartyID.h */ = {isa = PBXFileReference; lastKnownFileType = sourcecode.c.h; path = UMCamel_RedirectingPartyID.h; sourceTree = "<group>"; };
		A62E0883215CE8DD00D205F0 /* UMCamel_RedirectingPartyID.m */ = {isa = PBXFileReference; lastKnownFileType = sourcecode.c.objc; path = UMCamel_RedirectingPartyID.m; sourceTree = "<group>"; };
		A62E0886215CE8E800D205F0 /* UMCamel_RedirectionInformation.h */ = {isa = PBXFileReference; lastKnownFileType = sourcecode.c.h; path = UMCamel_RedirectionInformation.h; sourceTree = "<group>"; };
		A62E0887215CE8E800D205F0 /* UMCamel_RedirectionInformation.m */ = {isa = PBXFileReference; lastKnownFileType = sourcecode.c.objc; path = UMCamel_RedirectionInformation.m; sourceTree = "<group>"; };
		A62E088A215CE8F100D205F0 /* UMCamel_Cause.h */ = {isa = PBXFileReference; lastKnownFileType = sourcecode.c.h; path = UMCamel_Cause.h; sourceTree = "<group>"; };
		A62E088B215CE8F100D205F0 /* UMCamel_Cause.m */ = {isa = PBXFileReference; lastKnownFileType = sourcecode.c.objc; path = UMCamel_Cause.m; sourceTree = "<group>"; };
		A62E088E215CE8FA00D205F0 /* UMCamel_ServiceInteractionIndicatorsTwo.h */ = {isa = PBXFileReference; lastKnownFileType = sourcecode.c.h; path = UMCamel_ServiceInteractionIndicatorsTwo.h; sourceTree = "<group>"; };
		A62E088F215CE8FA00D205F0 /* UMCamel_ServiceInteractionIndicatorsTwo.m */ = {isa = PBXFileReference; lastKnownFileType = sourcecode.c.objc; path = UMCamel_ServiceInteractionIndicatorsTwo.m; sourceTree = "<group>"; };
		A62E0892215CE90200D205F0 /* UMCamel_Carrier.h */ = {isa = PBXFileReference; lastKnownFileType = sourcecode.c.h; path = UMCamel_Carrier.h; sourceTree = "<group>"; };
		A62E0893215CE90200D205F0 /* UMCamel_Carrier.m */ = {isa = PBXFileReference; lastKnownFileType = sourcecode.c.objc; path = UMCamel_Carrier.m; sourceTree = "<group>"; };
		A62E0896215CE90900D205F0 /* UMCamel_CUG_Index.h */ = {isa = PBXFileReference; lastKnownFileType = sourcecode.c.h; path = UMCamel_CUG_Index.h; sourceTree = "<group>"; };
		A62E0897215CE90900D205F0 /* UMCamel_CUG_Index.m */ = {isa = PBXFileReference; lastKnownFileType = sourcecode.c.objc; path = UMCamel_CUG_Index.m; sourceTree = "<group>"; };
		A62E089A215CE91100D205F0 /* UMCamel_CUG_Interlock.h */ = {isa = PBXFileReference; lastKnownFileType = sourcecode.c.h; path = UMCamel_CUG_Interlock.h; sourceTree = "<group>"; };
		A62E089B215CE91100D205F0 /* UMCamel_CUG_Interlock.m */ = {isa = PBXFileReference; lastKnownFileType = sourcecode.c.objc; path = UMCamel_CUG_Interlock.m; sourceTree = "<group>"; };
		A62E089E215CE91900D205F0 /* UMCamel_IMSI.h */ = {isa = PBXFileReference; lastKnownFileType = sourcecode.c.h; path = UMCamel_IMSI.h; sourceTree = "<group>"; };
		A62E089F215CE91900D205F0 /* UMCamel_IMSI.m */ = {isa = PBXFileReference; lastKnownFileType = sourcecode.c.objc; path = UMCamel_IMSI.m; sourceTree = "<group>"; };
		A62E08A2215CE92100D205F0 /* UMCamel_SubscriberState.h */ = {isa = PBXFileReference; lastKnownFileType = sourcecode.c.h; path = UMCamel_SubscriberState.h; sourceTree = "<group>"; };
		A62E08A3215CE92100D205F0 /* UMCamel_SubscriberState.m */ = {isa = PBXFileReference; lastKnownFileType = sourcecode.c.objc; path = UMCamel_SubscriberState.m; sourceTree = "<group>"; };
		A62E08A6215CE92800D205F0 /* UMCamel_LocationInformation.h */ = {isa = PBXFileReference; lastKnownFileType = sourcecode.c.h; path = UMCamel_LocationInformation.h; sourceTree = "<group>"; };
		A62E08A7215CE92800D205F0 /* UMCamel_LocationInformation.m */ = {isa = PBXFileReference; lastKnownFileType = sourcecode.c.objc; path = UMCamel_LocationInformation.m; sourceTree = "<group>"; };
		A62E08AA215CE92F00D205F0 /* UMCamel_Ext_BasicServiceCode.h */ = {isa = PBXFileReference; lastKnownFileType = sourcecode.c.h; path = UMCamel_Ext_BasicServiceCode.h; sourceTree = "<group>"; };
		A62E08AB215CE92F00D205F0 /* UMCamel_Ext_BasicServiceCode.m */ = {isa = PBXFileReference; lastKnownFileType = sourcecode.c.objc; path = UMCamel_Ext_BasicServiceCode.m; sourceTree = "<group>"; };
		A62E08AE215CE95400D205F0 /* UMCamel_CallReferenceNumber.h */ = {isa = PBXFileReference; lastKnownFileType = sourcecode.c.h; path = UMCamel_CallReferenceNumber.h; sourceTree = "<group>"; };
		A62E08AF215CE95400D205F0 /* UMCamel_CallReferenceNumber.m */ = {isa = PBXFileReference; lastKnownFileType = sourcecode.c.objc; path = UMCamel_CallReferenceNumber.m; sourceTree = "<group>"; };
		A62E08B2215CE99700D205F0 /* UMCamel_ISDN_AddressString.h */ = {isa = PBXFileReference; lastKnownFileType = sourcecode.c.h; path = UMCamel_ISDN_AddressString.h; sourceTree = "<group>"; };
		A62E08B3215CE99700D205F0 /* UMCamel_ISDN_AddressString.m */ = {isa = PBXFileReference; lastKnownFileType = sourcecode.c.objc; path = UMCamel_ISDN_AddressString.m; sourceTree = "<group>"; };
		A62E08B6215CE99E00D205F0 /* UMCamel_CalledPartyBCDNumber.h */ = {isa = PBXFileReference; lastKnownFileType = sourcecode.c.h; path = UMCamel_CalledPartyBCDNumber.h; sourceTree = "<group>"; };
		A62E08B7215CE99E00D205F0 /* UMCamel_CalledPartyBCDNumber.m */ = {isa = PBXFileReference; lastKnownFileType = sourcecode.c.objc; path = UMCamel_CalledPartyBCDNumber.m; sourceTree = "<group>"; };
		A62E08BA215CE9A600D205F0 /* UMCamel_TimeAndTimezone.h */ = {isa = PBXFileReference; lastKnownFileType = sourcecode.c.h; path = UMCamel_TimeAndTimezone.h; sourceTree = "<group>"; };
		A62E08BB215CE9A600D205F0 /* UMCamel_TimeAndTimezone.m */ = {isa = PBXFileReference; lastKnownFileType = sourcecode.c.objc; path = UMCamel_TimeAndTimezone.m; sourceTree = "<group>"; };
		A62E08BE215CE9AD00D205F0 /* UMCamel_InitialDPArgExtension.h */ = {isa = PBXFileReference; lastKnownFileType = sourcecode.c.h; path = UMCamel_InitialDPArgExtension.h; sourceTree = "<group>"; };
		A62E08BF215CE9AD00D205F0 /* UMCamel_InitialDPArgExtension.m */ = {isa = PBXFileReference; lastKnownFileType = sourcecode.c.objc; path = UMCamel_InitialDPArgExtension.m; sourceTree = "<group>"; };
		A62E08C2215CF33F00D205F0 /* UMCamel_ASN1_macros.h */ = {isa = PBXFileReference; lastKnownFileType = sourcecode.c.h; path = UMCamel_ASN1_macros.h; sourceTree = "<group>"; };
		A62E08C6215CF8AA00D205F0 /* UMCamelOperation.h */ = {isa = PBXFileReference; lastKnownFileType = sourcecode.c.h; path = UMCamelOperation.h; sourceTree = "<group>"; };
		A62E08C7215CF8AA00D205F0 /* UMCamelOperation.m */ = {isa = PBXFileReference; lastKnownFileType = sourcecode.c.objc; path = UMCamelOperation.m; sourceTree = "<group>"; };
		A62E08CA215D062D00D205F0 /* UMCamel_InitialDPSMSArg.h */ = {isa = PBXFileReference; lastKnownFileType = sourcecode.c.h; path = UMCamel_InitialDPSMSArg.h; sourceTree = "<group>"; };
		A62E08CE215D064700D205F0 /* UMCamel_InitialDPSMSArg.asn1 */ = {isa = PBXFileReference; lastKnownFileType = text; path = UMCamel_InitialDPSMSArg.asn1; sourceTree = "<group>"; };
		A62E08CF215D090700D205F0 /* UMCamel_SMS_AddressString.h */ = {isa = PBXFileReference; lastKnownFileType = sourcecode.c.h; path = UMCamel_SMS_AddressString.h; sourceTree = "<group>"; };
		A62E08D0215D090700D205F0 /* UMCamel_SMS_AddressString.m */ = {isa = PBXFileReference; lastKnownFileType = sourcecode.c.objc; path = UMCamel_SMS_AddressString.m; sourceTree = "<group>"; };
		A62E08D3215D092200D205F0 /* UMCamel_EventTypeSMS.h */ = {isa = PBXFileReference; lastKnownFileType = sourcecode.c.h; path = UMCamel_EventTypeSMS.h; sourceTree = "<group>"; };
		A62E08D4215D092200D205F0 /* UMCamel_EventTypeSMS.m */ = {isa = PBXFileReference; lastKnownFileType = sourcecode.c.objc; path = UMCamel_EventTypeSMS.m; sourceTree = "<group>"; };
		A62E08D7215D093800D205F0 /* UMCamel_LocationInformationGPRS.h */ = {isa = PBXFileReference; lastKnownFileType = sourcecode.c.h; path = UMCamel_LocationInformationGPRS.h; sourceTree = "<group>"; };
		A62E08D8215D093800D205F0 /* UMCamel_LocationInformationGPRS.m */ = {isa = PBXFileReference; lastKnownFileType = sourcecode.c.objc; path = UMCamel_LocationInformationGPRS.m; sourceTree = "<group>"; };
		A62E08DB215D094A00D205F0 /* UMCamel_TPShortMessageSpecificInfo.h */ = {isa = PBXFileReference; lastKnownFileType = sourcecode.c.h; path = UMCamel_TPShortMessageSpecificInfo.h; sourceTree = "<group>"; };
		A62E08DC215D094A00D205F0 /* UMCamel_TPShortMessageSpecificInfo.m */ = {isa = PBXFileReference; lastKnownFileType = sourcecode.c.objc; path = UMCamel_TPShortMessageSpecificInfo.m; sourceTree = "<group>"; };
		A62E08DF215D095C00D205F0 /* UMCamel_TPProtocolIdentifier.h */ = {isa = PBXFileReference; lastKnownFileType = sourcecode.c.h; path = UMCamel_TPProtocolIdentifier.h; sourceTree = "<group>"; };
		A62E08E0215D095C00D205F0 /* UMCamel_TPProtocolIdentifier.m */ = {isa = PBXFileReference; lastKnownFileType = sourcecode.c.objc; path = UMCamel_TPProtocolIdentifier.m; sourceTree = "<group>"; };
		A62E08E3215D096F00D205F0 /* UMCamel_TPDataCodingScheme.h */ = {isa = PBXFileReference; lastKnownFileType = sourcecode.c.h; path = UMCamel_TPDataCodingScheme.h; sourceTree = "<group>"; };
		A62E08E4215D096F00D205F0 /* UMCamel_TPDataCodingScheme.m */ = {isa = PBXFileReference; lastKnownFileType = sourcecode.c.objc; path = UMCamel_TPDataCodingScheme.m; sourceTree = "<group>"; };
		A62E08E7215D097900D205F0 /* UMCamel_TPValidityPeriod.h */ = {isa = PBXFileReference; lastKnownFileType = sourcecode.c.h; path = UMCamel_TPValidityPeriod.h; sourceTree = "<group>"; };
		A62E08E8215D097900D205F0 /* UMCamel_TPValidityPeriod.m */ = {isa = PBXFileReference; lastKnownFileType = sourcecode.c.objc; path = UMCamel_TPValidityPeriod.m; sourceTree = "<group>"; };
		A62E08EB215D098600D205F0 /* UMCamel_MS_Classmark2.h */ = {isa = PBXFileReference; lastKnownFileType = sourcecode.c.h; path = UMCamel_MS_Classmark2.h; sourceTree = "<group>"; };
		A62E08EC215D098600D205F0 /* UMCamel_MS_Classmark2.m */ = {isa = PBXFileReference; lastKnownFileType = sourcecode.c.objc; path = UMCamel_MS_Classmark2.m; sourceTree = "<group>"; };
		A62E08EF215D099500D205F0 /* UMCamel_GPRSMSClass.h */ = {isa = PBXFileReference; lastKnownFileType = sourcecode.c.h; path = UMCamel_GPRSMSClass.h; sourceTree = "<group>"; };
		A62E08F0215D099500D205F0 /* UMCamel_GPRSMSClass.m */ = {isa = PBXFileReference; lastKnownFileType = sourcecode.c.objc; path = UMCamel_GPRSMSClass.m; sourceTree = "<group>"; };
		A62E08F3215D09C100D205F0 /* UMCamel_IMEI.h */ = {isa = PBXFileReference; lastKnownFileType = sourcecode.c.h; path = UMCamel_IMEI.h; sourceTree = "<group>"; };
		A62E08F4215D09C100D205F0 /* UMCamel_IMEI.m */ = {isa = PBXFileReference; lastKnownFileType = sourcecode.c.objc; path = UMCamel_IMEI.m; sourceTree = "<group>"; };
		A65781BA1CF54A3600211137 /* ulibcamel.framework */ = {isa = PBXFileReference; explicitFileType = wrapper.framework; includeInIndex = 0; path = ulibcamel.framework; sourceTree = BUILT_PRODUCTS_DIR; };
		A65781BD1CF54A3600211137 /* ulibcamel.h */ = {isa = PBXFileReference; lastKnownFileType = sourcecode.c.h; path = ulibcamel.h; sourceTree = "<group>"; };
		A65781BF1CF54A3600211137 /* Info.plist */ = {isa = PBXFileReference; lastKnownFileType = text.plist.xml; path = Info.plist; sourceTree = "<group>"; };
		A65781C41CF54A3600211137 /* ulibcamelTests.xctest */ = {isa = PBXFileReference; explicitFileType = wrapper.cfbundle; includeInIndex = 0; path = ulibcamelTests.xctest; sourceTree = BUILT_PRODUCTS_DIR; };
		A65781C91CF54A3600211137 /* ulibcamelTests.m */ = {isa = PBXFileReference; lastKnownFileType = sourcecode.c.objc; path = ulibcamelTests.m; sourceTree = "<group>"; };
		A65781CB1CF54A3600211137 /* Info.plist */ = {isa = PBXFileReference; lastKnownFileType = text.plist.xml; path = Info.plist; sourceTree = "<group>"; };
		A65781D41CF54CF700211137 /* ulib.framework */ = {isa = PBXFileReference; lastKnownFileType = wrapper.framework; name = ulib.framework; path = /Library/Frameworks/ulib.framework; sourceTree = "<absolute>"; };
		A6BD35CF215DFB86002085BA /* decode-camel */ = {isa = PBXFileReference; explicitFileType = "compiled.mach-o.executable"; includeInIndex = 0; path = "decode-camel"; sourceTree = BUILT_PRODUCTS_DIR; };
		A6BD35D1215DFB86002085BA /* main.m */ = {isa = PBXFileReference; lastKnownFileType = sourcecode.c.objc; path = main.m; sourceTree = "<group>"; };
		A6BD35D8215DFBC1002085BA /* ulibasn1.framework */ = {isa = PBXFileReference; lastKnownFileType = wrapper.framework; name = ulibasn1.framework; path = ../../../../../../Library/Frameworks/ulibasn1.framework; sourceTree = "<group>"; };
		A6BD35DD215DFD2E002085BA /* AppDelegate.h */ = {isa = PBXFileReference; lastKnownFileType = sourcecode.c.h; path = AppDelegate.h; sourceTree = "<group>"; };
		A6BD35DE215DFD2E002085BA /* AppDelegate.m */ = {isa = PBXFileReference; lastKnownFileType = sourcecode.c.objc; path = AppDelegate.m; sourceTree = "<group>"; };
		A6BD35E3215E001C002085BA /* version.h */ = {isa = PBXFileReference; lastKnownFileType = sourcecode.c.h; path = version.h; sourceTree = "<group>"; };
		A6BD35EE215E0EE9002085BA /* UMCamel_ConnectArg.h */ = {isa = PBXFileReference; lastKnownFileType = sourcecode.c.h; path = UMCamel_ConnectArg.h; sourceTree = "<group>"; };
		A6BD35EF215E0EE9002085BA /* UMCamel_ConnectArg.m */ = {isa = PBXFileReference; lastKnownFileType = sourcecode.c.objc; path = UMCamel_ConnectArg.m; sourceTree = "<group>"; };
		A6BD35F2215E0EF6002085BA /* UMCamel_ConnectArg.asn1 */ = {isa = PBXFileReference; lastKnownFileType = text; path = UMCamel_ConnectArg.asn1; sourceTree = "<group>"; };
		A6BD35F6215E1123002085BA /* UMCamel_DestinationRoutingAddress.h */ = {isa = PBXFileReference; lastKnownFileType = sourcecode.c.h; path = UMCamel_DestinationRoutingAddress.h; sourceTree = "<group>"; };
		A6BD35F7215E1123002085BA /* UMCamel_DestinationRoutingAddress.m */ = {isa = PBXFileReference; lastKnownFileType = sourcecode.c.objc; path = UMCamel_DestinationRoutingAddress.m; sourceTree = "<group>"; };
		A6BD35FA215E117E002085BA /* UMCamel_AlertingPattern.h */ = {isa = PBXFileReference; lastKnownFileType = sourcecode.c.h; path = UMCamel_AlertingPattern.h; sourceTree = "<group>"; };
		A6BD35FB215E117E002085BA /* UMCamel_AlertingPattern.m */ = {isa = PBXFileReference; lastKnownFileType = sourcecode.c.objc; path = UMCamel_AlertingPattern.m; sourceTree = "<group>"; };
		A6BD3602215E11B0002085BA /* UMCamel_GenericNumbers.h */ = {isa = PBXFileReference; lastKnownFileType = sourcecode.c.h; path = UMCamel_GenericNumbers.h; sourceTree = "<group>"; };
		A6BD3603215E11B0002085BA /* UMCamel_GenericNumbers.m */ = {isa = PBXFileReference; lastKnownFileType = sourcecode.c.objc; path = UMCamel_GenericNumbers.m; sourceTree = "<group>"; };
		A6BD3606215E11C0002085BA /* UMCamel_ChargeNumber.h */ = {isa = PBXFileReference; lastKnownFileType = sourcecode.c.h; path = UMCamel_ChargeNumber.h; sourceTree = "<group>"; };
		A6BD3607215E11C0002085BA /* UMCamel_ChargeNumber.m */ = {isa = PBXFileReference; lastKnownFileType = sourcecode.c.objc; path = UMCamel_ChargeNumber.m; sourceTree = "<group>"; };
		A6BD360A215E11D5002085BA /* UMCamel_LegID.h */ = {isa = PBXFileReference; lastKnownFileType = sourcecode.c.h; path = UMCamel_LegID.h; sourceTree = "<group>"; };
		A6BD360B215E11D5002085BA /* UMCamel_LegID.m */ = {isa = PBXFileReference; lastKnownFileType = sourcecode.c.objc; path = UMCamel_LegID.m; sourceTree = "<group>"; };
		A6BD360E215E11E9002085BA /* UMCamel_SuppressionOfAnnouncement.h */ = {isa = PBXFileReference; lastKnownFileType = sourcecode.c.h; path = UMCamel_SuppressionOfAnnouncement.h; sourceTree = "<group>"; };
		A6BD360F215E11E9002085BA /* UMCamel_SuppressionOfAnnouncement.m */ = {isa = PBXFileReference; lastKnownFileType = sourcecode.c.objc; path = UMCamel_SuppressionOfAnnouncement.m; sourceTree = "<group>"; };
		A6BD3612215E11F9002085BA /* UMCamel_OCSIApplicable.h */ = {isa = PBXFileReference; lastKnownFileType = sourcecode.c.h; path = UMCamel_OCSIApplicable.h; sourceTree = "<group>"; };
		A6BD3613215E11F9002085BA /* UMCamel_OCSIApplicable.m */ = {isa = PBXFileReference; lastKnownFileType = sourcecode.c.objc; path = UMCamel_OCSIApplicable.m; sourceTree = "<group>"; };
		A6BD3616215E120E002085BA /* UMCamel_NAOliInfo.h */ = {isa = PBXFileReference; lastKnownFileType = sourcecode.c.h; path = UMCamel_NAOliInfo.h; sourceTree = "<group>"; };
		A6BD3617215E120E002085BA /* UMCamel_NAOliInfo.m */ = {isa = PBXFileReference; lastKnownFileType = sourcecode.c.objc; path = UMCamel_NAOliInfo.m; sourceTree = "<group>"; };
		A6BD361A215E18AA002085BA /* UMCamelObject.h */ = {isa = PBXFileReference; lastKnownFileType = sourcecode.c.h; path = UMCamelObject.h; sourceTree = "<group>"; };
		A6BD361B215E18AA002085BA /* UMCamelObject.m */ = {isa = PBXFileReference; lastKnownFileType = sourcecode.c.objc; path = UMCamelObject.m; sourceTree = "<group>"; };
		A6BD361E215E18B4002085BA /* UMCamelInvoke.h */ = {isa = PBXFileReference; lastKnownFileType = sourcecode.c.h; path = UMCamelInvoke.h; sourceTree = "<group>"; };
		A6BD361F215E18B4002085BA /* UMCamelInvoke.m */ = {isa = PBXFileReference; lastKnownFileType = sourcecode.c.objc; path = UMCamelInvoke.m; sourceTree = "<group>"; };
		A6BD3622215E213B002085BA /* UMCamel_CalledPartyNumber.asn1 */ = {isa = PBXFileReference; lastKnownFileType = text; path = UMCamel_CalledPartyNumber.asn1; sourceTree = "<group>"; };
		A6BD3626215E24C3002085BA /* UMCamel_EtsiNumber.h */ = {isa = PBXFileReference; lastKnownFileType = sourcecode.c.h; path = UMCamel_EtsiNumber.h; sourceTree = "<group>"; };
		A6BD3627215E24C3002085BA /* UMCamel_EtsiNumber.m */ = {isa = PBXFileReference; lastKnownFileType = sourcecode.c.objc; path = UMCamel_EtsiNumber.m; sourceTree = "<group>"; };
		A6F6D59D21652D31007BF702 /* UMCamel_InitialDPSMSArg.m */ = {isa = PBXFileReference; fileEncoding = 4; lastKnownFileType = sourcecode.c.objc; path = UMCamel_InitialDPSMSArg.m; sourceTree = "<group>"; };
/* End PBXFileReference section */

/* Begin PBXFrameworksBuildPhase section */
		A65781B61CF54A3600211137 /* Frameworks */ = {
			isa = PBXFrameworksBuildPhase;
			buildActionMask = 2147483647;
			files = (
				A62E0817215CAC2500D205F0 /* ulibtcap.framework in Frameworks */,
				A65781D51CF54CF700211137 /* ulib.framework in Frameworks */,
				A6BD35D9215DFBC1002085BA /* ulibasn1.framework in Frameworks */,
			);
			runOnlyForDeploymentPostprocessing = 0;
		};
		A65781C11CF54A3600211137 /* Frameworks */ = {
			isa = PBXFrameworksBuildPhase;
			buildActionMask = 2147483647;
			files = (
				A624F4172150E1F50075788B /* ulib.framework in Frameworks */,
				A65781C51CF54A3600211137 /* ulibcamel.framework in Frameworks */,
				A6BD35DC215DFBC3002085BA /* ulibtcap.framework in Frameworks */,
				A6BD35DA215DFBC1002085BA /* ulibasn1.framework in Frameworks */,
			);
			runOnlyForDeploymentPostprocessing = 0;
		};
		A6BD35CC215DFB86002085BA /* Frameworks */ = {
			isa = PBXFrameworksBuildPhase;
			buildActionMask = 2147483647;
			files = (
				A6BD35D7215DFBB1002085BA /* ulibtcap.framework in Frameworks */,
				A6BD35E9215E0874002085BA /* ulibcamel.framework in Frameworks */,
				A6BD35D6215DFBA5002085BA /* ulib.framework in Frameworks */,
				A6BD35DB215DFBC1002085BA /* ulibasn1.framework in Frameworks */,
			);
			runOnlyForDeploymentPostprocessing = 0;
		};
/* End PBXFrameworksBuildPhase section */

/* Begin PBXGroup section */
		A62E081E215CB2A900D205F0 /* doc */ = {
			isa = PBXGroup;
			children = (
				A62E081F215CB2A900D205F0 /* ts_129078v031600p.pdf */,
				A62E0820215CB2A900D205F0 /* ts_129078v120000p.pdf */,
				A62E0821215CB2A900D205F0 /* ts_129078v040900p.pdf */,
			);
			path = doc;
			sourceTree = "<group>";
		};
		A62E0845215CE43E00D205F0 /* asn1 */ = {
			isa = PBXGroup;
			children = (
				A6F6D59D21652D31007BF702 /* UMCamel_InitialDPSMSArg.m */,
				A6BD3622215E213B002085BA /* UMCamel_CalledPartyNumber.asn1 */,
				A6BD35F2215E0EF6002085BA /* UMCamel_ConnectArg.asn1 */,
				A62E084A215CE4AE00D205F0 /* UMCamel_InitialDPArg.asn1 */,
				A62E08CE215D064700D205F0 /* UMCamel_InitialDPSMSArg.asn1 */,
				A62E0876215CE8C200D205F0 /* UMCamel_AdditionalCallingPartyNumber.h */,
				A6BD35FA215E117E002085BA /* UMCamel_AlertingPattern.h */,
				A62E08C2215CF33F00D205F0 /* UMCamel_ASN1_macros.h */,
				A62E087A215CE8CB00D205F0 /* UMCamel_BearerCapability.h */,
				A62E08B6215CE99E00D205F0 /* UMCamel_CalledPartyBCDNumber.h */,
				A62E0852215CE83800D205F0 /* UMCamel_CalledPartyNumber.h */,
				A62E0856215CE84400D205F0 /* UMCamel_CallingPartyNumber.h */,
				A62E085A215CE85100D205F0 /* UMCamel_CallingPartysCategory.h */,
				A62E08AE215CE95400D205F0 /* UMCamel_CallReferenceNumber.h */,
				A62E0892215CE90200D205F0 /* UMCamel_Carrier.h */,
				A62E088A215CE8F100D205F0 /* UMCamel_Cause.h */,
				A62E085E215CE85C00D205F0 /* UMCamel_CGEncountered.h */,
				A6BD3606215E11C0002085BA /* UMCamel_ChargeNumber.h */,
				A6BD35EE215E0EE9002085BA /* UMCamel_ConnectArg.h */,
				A62E0896215CE90900D205F0 /* UMCamel_CUG_Index.h */,
				A62E089A215CE91100D205F0 /* UMCamel_CUG_Interlock.h */,
				A6BD35F6215E1123002085BA /* UMCamel_DestinationRoutingAddress.h */,
				A6BD3626215E24C3002085BA /* UMCamel_EtsiNumber.h */,
				A62E087E215CE8D500D205F0 /* UMCamel_EventTypeBCSM.h */,
				A62E08D3215D092200D205F0 /* UMCamel_EventTypeSMS.h */,
				A62E08AA215CE92F00D205F0 /* UMCamel_Ext_BasicServiceCode.h */,
				A62E086E215CE8AC00D205F0 /* UMCamel_ExtensionsArray.h */,
				A6BD3602215E11B0002085BA /* UMCamel_GenericNumbers.h */,
				A62E08EF215D099500D205F0 /* UMCamel_GPRSMSClass.h */,
				A62E0872215CE8B700D205F0 /* UMCamel_HighLayerCompatibility.h */,
				A62E08F3215D09C100D205F0 /* UMCamel_IMEI.h */,
				A62E089E215CE91900D205F0 /* UMCamel_IMSI.h */,
				A62E0846215CE46600D205F0 /* UMCamel_InitialDPArg.h */,
				A62E08BE215CE9AD00D205F0 /* UMCamel_InitialDPArgExtension.h */,
				A62E08CA215D062D00D205F0 /* UMCamel_InitialDPSMSArg.h */,
				A62E0862215CE88900D205F0 /* UMCamel_IPSSPCapabilities.h */,
				A62E08B2215CE99700D205F0 /* UMCamel_ISDN_AddressString.h */,
				A6BD360A215E11D5002085BA /* UMCamel_LegID.h */,
				A62E08A6215CE92800D205F0 /* UMCamel_LocationInformation.h */,
				A62E08D7215D093800D205F0 /* UMCamel_LocationInformationGPRS.h */,
				A62E0866215CE89400D205F0 /* UMCamel_LocationNumber.h */,
				A62E08EB215D098600D205F0 /* UMCamel_MS_Classmark2.h */,
				A6BD3616215E120E002085BA /* UMCamel_NAOliInfo.h */,
				A6BD3612215E11F9002085BA /* UMCamel_OCSIApplicable.h */,
				A62E086A215CE89D00D205F0 /* UMCamel_OriginalCalledPartyID.h */,
				A62E0882215CE8DD00D205F0 /* UMCamel_RedirectingPartyID.h */,
				A62E0886215CE8E800D205F0 /* UMCamel_RedirectionInformation.h */,
				A62E088E215CE8FA00D205F0 /* UMCamel_ServiceInteractionIndicatorsTwo.h */,
				A62E084E215CE82D00D205F0 /* UMCamel_ServiceKey.h */,
				A62E08CF215D090700D205F0 /* UMCamel_SMS_AddressString.h */,
				A62E08A2215CE92100D205F0 /* UMCamel_SubscriberState.h */,
				A6BD360E215E11E9002085BA /* UMCamel_SuppressionOfAnnouncement.h */,
				A62E08BA215CE9A600D205F0 /* UMCamel_TimeAndTimezone.h */,
				A62E08E3215D096F00D205F0 /* UMCamel_TPDataCodingScheme.h */,
				A62E08DF215D095C00D205F0 /* UMCamel_TPProtocolIdentifier.h */,
				A62E08DB215D094A00D205F0 /* UMCamel_TPShortMessageSpecificInfo.h */,
				A62E08E7215D097900D205F0 /* UMCamel_TPValidityPeriod.h */,
				A6BD361E215E18B4002085BA /* UMCamelInvoke.h */,
				A6BD361A215E18AA002085BA /* UMCamelObject.h */,
				A62E0877215CE8C200D205F0 /* UMCamel_AdditionalCallingPartyNumber.m */,
				A6BD35FB215E117E002085BA /* UMCamel_AlertingPattern.m */,
				A62E087B215CE8CB00D205F0 /* UMCamel_BearerCapability.m */,
				A62E08B7215CE99E00D205F0 /* UMCamel_CalledPartyBCDNumber.m */,
				A62E0853215CE83800D205F0 /* UMCamel_CalledPartyNumber.m */,
				A62E0857215CE84400D205F0 /* UMCamel_CallingPartyNumber.m */,
				A62E085B215CE85100D205F0 /* UMCamel_CallingPartysCategory.m */,
				A62E08AF215CE95400D205F0 /* UMCamel_CallReferenceNumber.m */,
				A62E0893215CE90200D205F0 /* UMCamel_Carrier.m */,
				A62E088B215CE8F100D205F0 /* UMCamel_Cause.m */,
				A62E085F215CE85C00D205F0 /* UMCamel_CGEncountered.m */,
				A6BD3607215E11C0002085BA /* UMCamel_ChargeNumber.m */,
				A6BD35EF215E0EE9002085BA /* UMCamel_ConnectArg.m */,
				A62E0897215CE90900D205F0 /* UMCamel_CUG_Index.m */,
				A62E089B215CE91100D205F0 /* UMCamel_CUG_Interlock.m */,
				A6BD35F7215E1123002085BA /* UMCamel_DestinationRoutingAddress.m */,
				A6BD3627215E24C3002085BA /* UMCamel_EtsiNumber.m */,
				A62E087F215CE8D500D205F0 /* UMCamel_EventTypeBCSM.m */,
				A62E08D4215D092200D205F0 /* UMCamel_EventTypeSMS.m */,
				A62E08AB215CE92F00D205F0 /* UMCamel_Ext_BasicServiceCode.m */,
				A62E086F215CE8AC00D205F0 /* UMCamel_ExtensionsArray.m */,
				A6BD3603215E11B0002085BA /* UMCamel_GenericNumbers.m */,
				A62E08F0215D099500D205F0 /* UMCamel_GPRSMSClass.m */,
				A62E0873215CE8B700D205F0 /* UMCamel_HighLayerCompatibility.m */,
				A62E08F4215D09C100D205F0 /* UMCamel_IMEI.m */,
				A62E089F215CE91900D205F0 /* UMCamel_IMSI.m */,
				A62E0847215CE46600D205F0 /* UMCamel_InitialDPArg.m */,
				A62E08BF215CE9AD00D205F0 /* UMCamel_InitialDPArgExtension.m */,
				A62E0863215CE88900D205F0 /* UMCamel_IPSSPCapabilities.m */,
				A62E08B3215CE99700D205F0 /* UMCamel_ISDN_AddressString.m */,
				A6BD360B215E11D5002085BA /* UMCamel_LegID.m */,
				A62E08A7215CE92800D205F0 /* UMCamel_LocationInformation.m */,
				A62E08D8215D093800D205F0 /* UMCamel_LocationInformationGPRS.m */,
				A62E0867215CE89400D205F0 /* UMCamel_LocationNumber.m */,
				A62E08EC215D098600D205F0 /* UMCamel_MS_Classmark2.m */,
				A6BD3617215E120E002085BA /* UMCamel_NAOliInfo.m */,
				A6BD3613215E11F9002085BA /* UMCamel_OCSIApplicable.m */,
				A62E086B215CE89D00D205F0 /* UMCamel_OriginalCalledPartyID.m */,
				A62E0883215CE8DD00D205F0 /* UMCamel_RedirectingPartyID.m */,
				A62E0887215CE8E800D205F0 /* UMCamel_RedirectionInformation.m */,
				A62E088F215CE8FA00D205F0 /* UMCamel_ServiceInteractionIndicatorsTwo.m */,
				A62E084F215CE82D00D205F0 /* UMCamel_ServiceKey.m */,
				A62E08D0215D090700D205F0 /* UMCamel_SMS_AddressString.m */,
				A62E08A3215CE92100D205F0 /* UMCamel_SubscriberState.m */,
				A6BD360F215E11E9002085BA /* UMCamel_SuppressionOfAnnouncement.m */,
				A62E08BB215CE9A600D205F0 /* UMCamel_TimeAndTimezone.m */,
				A62E08E4215D096F00D205F0 /* UMCamel_TPDataCodingScheme.m */,
				A62E08E0215D095C00D205F0 /* UMCamel_TPProtocolIdentifier.m */,
				A62E08DC215D094A00D205F0 /* UMCamel_TPShortMessageSpecificInfo.m */,
				A62E08E8215D097900D205F0 /* UMCamel_TPValidityPeriod.m */,
				A6BD361F215E18B4002085BA /* UMCamelInvoke.m */,
				A6BD361B215E18AA002085BA /* UMCamelObject.m */,
			);
			name = asn1;
			sourceTree = "<group>";
		};
		A65781B01CF54A3600211137 = {
			isa = PBXGroup;
			children = (
				A62E081C215CB29200D205F0 /* VERSION */,
				A62E081E215CB2A900D205F0 /* doc */,
				A65781BC1CF54A3600211137 /* ulibcamel */,
				A65781D91CF54D4300211137 /* Libraries */,
				A6BD35D0215DFB86002085BA /* decode-camel */,
				A65781D61CF54CFE00211137 /* Frameworks */,
				A65781C81CF54A3600211137 /* ulibcamelTests */,
				A65781BB1CF54A3600211137 /* Products */,
				A6932D7521652B1F003A477B /* Recovered References */,
			);
			sourceTree = "<group>";
		};
		A65781BB1CF54A3600211137 /* Products */ = {
			isa = PBXGroup;
			children = (
				A65781BA1CF54A3600211137 /* ulibcamel.framework */,
				A65781C41CF54A3600211137 /* ulibcamelTests.xctest */,
				A6BD35CF215DFB86002085BA /* decode-camel */,
			);
			name = Products;
			sourceTree = "<group>";
		};
		A65781BC1CF54A3600211137 /* ulibcamel */ = {
			isa = PBXGroup;
			children = (
				A65781BD1CF54A3600211137 /* ulibcamel.h */,
				A62E0825215CCAB800D205F0 /* UMCamelOperationCode.h */,
				A62E08C6215CF8AA00D205F0 /* UMCamelOperation.h */,
				A62E08C7215CF8AA00D205F0 /* UMCamelOperation.m */,
				A62E0835215CD88B00D205F0 /* UMCamelErrorCode.h */,
				A62E0829215CCDDD00D205F0 /* UMCamelProviderProtocol.h */,
				A62E083D215CDE0D00D205F0 /* UMCamelUserProtocol.h */,
				A62E0818215CB26B00D205F0 /* UMLayerCamel.h */,
				A62E0819215CB26B00D205F0 /* UMLayerCamel.m */,
				A62E082D215CCF3900D205F0 /* UMCamelDialogIdentifier.h */,
				A62E082E215CCF3900D205F0 /* UMCamelDialogIdentifier.m */,
				A62E0841215CE05E00D205F0 /* UMCamelUserIdentifier.h */,
				A62E0842215CE05E00D205F0 /* UMCamelUserIdentifier.m */,
				A62E0839215CD9C900D205F0 /* UMCamelDialog.h */,
				A62E083A215CD9C900D205F0 /* UMCamelDialog.m */,
				A62E0845215CE43E00D205F0 /* asn1 */,
				A65781BF1CF54A3600211137 /* Info.plist */,
			);
			path = ulibcamel;
			sourceTree = "<group>";
		};
		A65781C81CF54A3600211137 /* ulibcamelTests */ = {
			isa = PBXGroup;
			children = (
				A65781C91CF54A3600211137 /* ulibcamelTests.m */,
				A65781CB1CF54A3600211137 /* Info.plist */,
			);
			path = ulibcamelTests;
			sourceTree = "<group>";
		};
		A65781D61CF54CFE00211137 /* Frameworks */ = {
			isa = PBXGroup;
			children = (
				A6BD35D8215DFBC1002085BA /* ulibasn1.framework */,
				A62E0816215CAC2500D205F0 /* ulibtcap.framework */,
				A65781D41CF54CF700211137 /* ulib.framework */,
			);
			name = Frameworks;
			path = ulibcamel;
			sourceTree = "<group>";
		};
		A65781D91CF54D4300211137 /* Libraries */ = {
			isa = PBXGroup;
			children = (
			);
			name = Libraries;
			path = ulibcamel;
			sourceTree = "<group>";
		};
		A6932D7521652B1F003A477B /* Recovered References */ = {
			isa = PBXGroup;
			children = (
			);
			name = "Recovered References";
			sourceTree = "<group>";
		};
		A6BD35D0215DFB86002085BA /* decode-camel */ = {
			isa = PBXGroup;
			children = (
				A6BD35D1215DFB86002085BA /* main.m */,
				A6BD35E3215E001C002085BA /* version.h */,
				A6BD35DD215DFD2E002085BA /* AppDelegate.h */,
				A6BD35DE215DFD2E002085BA /* AppDelegate.m */,
			);
			path = "decode-camel";
			sourceTree = "<group>";
		};
/* End PBXGroup section */

/* Begin PBXHeadersBuildPhase section */
		A65781B71CF54A3600211137 /* Headers */ = {
			isa = PBXHeadersBuildPhase;
			buildActionMask = 2147483647;
			files = (
				A6BD361C215E18AA002085BA /* UMCamelObject.h in Headers */,
				A62E08ED215D098600D205F0 /* UMCamel_MS_Classmark2.h in Headers */,
				A62E0874215CE8B700D205F0 /* UMCamel_HighLayerCompatibility.h in Headers */,
				A62E0890215CE8FA00D205F0 /* UMCamel_ServiceInteractionIndicatorsTwo.h in Headers */,
				A62E088C215CE8F100D205F0 /* UMCamel_Cause.h in Headers */,
				A62E089C215CE91100D205F0 /* UMCamel_CUG_Interlock.h in Headers */,
				A62E083F215CDE0D00D205F0 /* UMCamelUserProtocol.h in Headers */,
				A6BD3614215E11F9002085BA /* UMCamel_OCSIApplicable.h in Headers */,
				A6BD35E5215E001C002085BA /* version.h in Headers */,
				A6BD3628215E24C3002085BA /* UMCamel_EtsiNumber.h in Headers */,
				A62E08C4215CF33F00D205F0 /* UMCamel_ASN1_macros.h in Headers */,
				A6BD3620215E18B4002085BA /* UMCamelInvoke.h in Headers */,
				A62E08DD215D094A00D205F0 /* UMCamel_TPShortMessageSpecificInfo.h in Headers */,
				A62E08D5215D092200D205F0 /* UMCamel_EventTypeSMS.h in Headers */,
				A62E0880215CE8D500D205F0 /* UMCamel_EventTypeBCSM.h in Headers */,
				A62E08E9215D097900D205F0 /* UMCamel_TPValidityPeriod.h in Headers */,
				A62E08A8215CE92800D205F0 /* UMCamel_LocationInformation.h in Headers */,
				A62E08C8215CF8AA00D205F0 /* UMCamelOperation.h in Headers */,
				A6BD35F0215E0EE9002085BA /* UMCamel_ConnectArg.h in Headers */,
				A62E08B4215CE99700D205F0 /* UMCamel_ISDN_AddressString.h in Headers */,
				A62E08C0215CE9AD00D205F0 /* UMCamel_InitialDPArgExtension.h in Headers */,
				A62E08F5215D09C100D205F0 /* UMCamel_IMEI.h in Headers */,
				A62E083B215CD9C900D205F0 /* UMCamelDialog.h in Headers */,
				A62E08B8215CE99E00D205F0 /* UMCamel_CalledPartyBCDNumber.h in Headers */,
				A62E08D9215D093800D205F0 /* UMCamel_LocationInformationGPRS.h in Headers */,
				A62E08A4215CE92100D205F0 /* UMCamel_SubscriberState.h in Headers */,
				A62E0898215CE90900D205F0 /* UMCamel_CUG_Index.h in Headers */,
				A62E082B215CCDDD00D205F0 /* UMCamelProviderProtocol.h in Headers */,
				A62E087C215CE8CB00D205F0 /* UMCamel_BearerCapability.h in Headers */,
				A6BD360C215E11D5002085BA /* UMCamel_LegID.h in Headers */,
				A6BD3610215E11E9002085BA /* UMCamel_SuppressionOfAnnouncement.h in Headers */,
				A6BD3618215E120E002085BA /* UMCamel_NAOliInfo.h in Headers */,
				A62E0868215CE89400D205F0 /* UMCamel_LocationNumber.h in Headers */,
				A62E0827215CCAB800D205F0 /* UMCamelOperationCode.h in Headers */,
				A62E0894215CE90200D205F0 /* UMCamel_Carrier.h in Headers */,
				A6BD3604215E11B0002085BA /* UMCamel_GenericNumbers.h in Headers */,
				A6BD35F8215E1123002085BA /* UMCamel_DestinationRoutingAddress.h in Headers */,
				A62E08AC215CE92F00D205F0 /* UMCamel_Ext_BasicServiceCode.h in Headers */,
				A62E081A215CB26B00D205F0 /* UMLayerCamel.h in Headers */,
				A62E08E1215D095C00D205F0 /* UMCamel_TPProtocolIdentifier.h in Headers */,
				A65781BE1CF54A3600211137 /* ulibcamel.h in Headers */,
				A6BD3608215E11C0002085BA /* UMCamel_ChargeNumber.h in Headers */,
				A62E08D1215D090700D205F0 /* UMCamel_SMS_AddressString.h in Headers */,
				A62E08E5215D096F00D205F0 /* UMCamel_TPDataCodingScheme.h in Headers */,
				A62E08CC215D062D00D205F0 /* UMCamel_InitialDPSMSArg.h in Headers */,
				A62E0884215CE8DD00D205F0 /* UMCamel_RedirectingPartyID.h in Headers */,
				A62E0848215CE46600D205F0 /* UMCamel_InitialDPArg.h in Headers */,
				A62E0843215CE05E00D205F0 /* UMCamelUserIdentifier.h in Headers */,
				A62E0850215CE82D00D205F0 /* UMCamel_ServiceKey.h in Headers */,
				A62E0870215CE8AC00D205F0 /* UMCamel_ExtensionsArray.h in Headers */,
				A62E082F215CCF3900D205F0 /* UMCamelDialogIdentifier.h in Headers */,
				A6932D7621652BFB003A477B /* UMCamel_AdditionalCallingPartyNumber.h in Headers */,
				A62E0854215CE83800D205F0 /* UMCamel_CalledPartyNumber.h in Headers */,
				A62E085C215CE85100D205F0 /* UMCamel_CallingPartysCategory.h in Headers */,
				A62E08F1215D099500D205F0 /* UMCamel_GPRSMSClass.h in Headers */,
				A62E08BC215CE9A600D205F0 /* UMCamel_TimeAndTimezone.h in Headers */,
				A62E08A0215CE91900D205F0 /* UMCamel_IMSI.h in Headers */,
				A6BD35FC215E117E002085BA /* UMCamel_AlertingPattern.h in Headers */,
				A62E086C215CE89D00D205F0 /* UMCamel_OriginalCalledPartyID.h in Headers */,
				A62E08B0215CE95400D205F0 /* UMCamel_CallReferenceNumber.h in Headers */,
				A62E0888215CE8E800D205F0 /* UMCamel_RedirectionInformation.h in Headers */,
				A62E0860215CE85C00D205F0 /* UMCamel_CGEncountered.h in Headers */,
				A62E0864215CE88900D205F0 /* UMCamel_IPSSPCapabilities.h in Headers */,
				A62E0858215CE84400D205F0 /* UMCamel_CallingPartyNumber.h in Headers */,
				A62E0837215CD88B00D205F0 /* UMCamelErrorCode.h in Headers */,
			);
			runOnlyForDeploymentPostprocessing = 0;
		};
/* End PBXHeadersBuildPhase section */

/* Begin PBXNativeTarget section */
		A65781B91CF54A3600211137 /* ulibcamel */ = {
			isa = PBXNativeTarget;
			buildConfigurationList = A65781CE1CF54A3600211137 /* Build configuration list for PBXNativeTarget "ulibcamel" */;
			buildPhases = (
				A65781B51CF54A3600211137 /* Sources */,
				A65781B61CF54A3600211137 /* Frameworks */,
				A65781B71CF54A3600211137 /* Headers */,
				A65781B81CF54A3600211137 /* Resources */,
			);
			buildRules = (
			);
			dependencies = (
			);
			name = ulibcamel;
			productName = ulibcamel;
			productReference = A65781BA1CF54A3600211137 /* ulibcamel.framework */;
			productType = "com.apple.product-type.framework";
		};
		A65781C31CF54A3600211137 /* ulibcamelTests */ = {
			isa = PBXNativeTarget;
			buildConfigurationList = A65781D11CF54A3600211137 /* Build configuration list for PBXNativeTarget "ulibcamelTests" */;
			buildPhases = (
				A65781C01CF54A3600211137 /* Sources */,
				A65781C11CF54A3600211137 /* Frameworks */,
				A65781C21CF54A3600211137 /* Resources */,
			);
			buildRules = (
			);
			dependencies = (
				A65781C71CF54A3600211137 /* PBXTargetDependency */,
			);
			name = ulibcamelTests;
			productName = ulibcamelTests;
			productReference = A65781C41CF54A3600211137 /* ulibcamelTests.xctest */;
			productType = "com.apple.product-type.bundle.unit-test";
		};
		A6BD35CE215DFB86002085BA /* decode-camel */ = {
			isa = PBXNativeTarget;
			buildConfigurationList = A6BD35D5215DFB86002085BA /* Build configuration list for PBXNativeTarget "decode-camel" */;
			buildPhases = (
				A6BD35CB215DFB86002085BA /* Sources */,
				A6BD35CC215DFB86002085BA /* Frameworks */,
				A6BD35CD215DFB86002085BA /* CopyFiles */,
			);
			buildRules = (
			);
			dependencies = (
			);
			name = "decode-camel";
			productName = "decode-camel";
			productReference = A6BD35CF215DFB86002085BA /* decode-camel */;
			productType = "com.apple.product-type.tool";
		};
/* End PBXNativeTarget section */

/* Begin PBXProject section */
		A65781B11CF54A3600211137 /* Project object */ = {
			isa = PBXProject;
			attributes = {
				LastUpgradeCheck = 0930;
				ORGANIZATIONNAME = "Andreas Fink (andreas@fink.org)";
				TargetAttributes = {
					A65781B91CF54A3600211137 = {
						CreatedOnToolsVersion = 7.3.1;
						ProvisioningStyle = Automatic;
					};
					A65781C31CF54A3600211137 = {
						CreatedOnToolsVersion = 7.3.1;
					};
					A6BD35CE215DFB86002085BA = {
						CreatedOnToolsVersion = 10.0;
						DevelopmentTeam = 2GSNWPNR77;
						ProvisioningStyle = Automatic;
					};
				};
			};
			buildConfigurationList = A65781B41CF54A3600211137 /* Build configuration list for PBXProject "ulibcamel" */;
			compatibilityVersion = "Xcode 3.2";
			developmentRegion = English;
			hasScannedForEncodings = 0;
			knownRegions = (
				en,
			);
			mainGroup = A65781B01CF54A3600211137;
			productRefGroup = A65781BB1CF54A3600211137 /* Products */;
			projectDirPath = "";
			projectRoot = "";
			targets = (
				A65781B91CF54A3600211137 /* ulibcamel */,
				A65781C31CF54A3600211137 /* ulibcamelTests */,
				A6BD35CE215DFB86002085BA /* decode-camel */,
			);
		};
/* End PBXProject section */

/* Begin PBXResourcesBuildPhase section */
		A65781B81CF54A3600211137 /* Resources */ = {
			isa = PBXResourcesBuildPhase;
			buildActionMask = 2147483647;
			files = (
			);
			runOnlyForDeploymentPostprocessing = 0;
		};
		A65781C21CF54A3600211137 /* Resources */ = {
			isa = PBXResourcesBuildPhase;
			buildActionMask = 2147483647;
			files = (
			);
			runOnlyForDeploymentPostprocessing = 0;
		};
/* End PBXResourcesBuildPhase section */

/* Begin PBXSourcesBuildPhase section */
		A65781B51CF54A3600211137 /* Sources */ = {
			isa = PBXSourcesBuildPhase;
			buildActionMask = 2147483647;
			files = (
				A6932D7D21652C32003A477B /* UMCamel_CallingPartysCategory.m in Sources */,
				A6932D8D21652C32003A477B /* UMCamel_GPRSMSClass.m in Sources */,
				A6932D7821652C32003A477B /* UMCamel_AlertingPattern.m in Sources */,
				A6932D7E21652C32003A477B /* UMCamel_CallReferenceNumber.m in Sources */,
				A6932D8F21652C32003A477B /* UMCamel_IMEI.m in Sources */,
				A6932D7C21652C32003A477B /* UMCamel_CallingPartyNumber.m in Sources */,
				A6932D9421652C32003A477B /* UMCamel_ISDN_AddressString.m in Sources */,
				A62E0844215CE05E00D205F0 /* UMCamelUserIdentifier.m in Sources */,
				A6932DA521652C32003A477B /* UMCamel_TPDataCodingScheme.m in Sources */,
				A6932D7B21652C32003A477B /* UMCamel_CalledPartyNumber.m in Sources */,
				A6932D7F21652C32003A477B /* UMCamel_Carrier.m in Sources */,
				A6932D8321652C32003A477B /* UMCamel_ConnectArg.m in Sources */,
				A6932DA621652C32003A477B /* UMCamel_TPProtocolIdentifier.m in Sources */,
				A6932D8421652C32003A477B /* UMCamel_CUG_Index.m in Sources */,
				A6932D9121652C32003A477B /* UMCamel_InitialDPArg.m in Sources */,
				A6932D7921652C32003A477B /* UMCamel_BearerCapability.m in Sources */,
				A6932D9921652C32003A477B /* UMCamel_MS_Classmark2.m in Sources */,
				A6932DA921652C32003A477B /* UMCamelInvoke.m in Sources */,
				A62E081B215CB26B00D205F0 /* UMLayerCamel.m in Sources */,
				A6932DA721652C32003A477B /* UMCamel_TPShortMessageSpecificInfo.m in Sources */,
				A6932D7A21652C32003A477B /* UMCamel_CalledPartyBCDNumber.m in Sources */,
				A6932D8121652C32003A477B /* UMCamel_CGEncountered.m in Sources */,
				A6932D9021652C32003A477B /* UMCamel_IMSI.m in Sources */,
				A6932D9E21652C32003A477B /* UMCamel_RedirectionInformation.m in Sources */,
				A6932D8B21652C32003A477B /* UMCamel_ExtensionsArray.m in Sources */,
				A62E0830215CCF3900D205F0 /* UMCamelDialogIdentifier.m in Sources */,
				A6932D9C21652C32003A477B /* UMCamel_OriginalCalledPartyID.m in Sources */,
				A6932DA321652C32003A477B /* UMCamel_SuppressionOfAnnouncement.m in Sources */,
				A6932DA221652C32003A477B /* UMCamel_SubscriberState.m in Sources */,
				A6932D9221652C32003A477B /* UMCamel_InitialDPArgExtension.m in Sources */,
				A6932D9721652C32003A477B /* UMCamel_LocationInformationGPRS.m in Sources */,
				A6932D8021652C32003A477B /* UMCamel_Cause.m in Sources */,
				A6932D9621652C32003A477B /* UMCamel_LocationInformation.m in Sources */,
				A6932D8221652C32003A477B /* UMCamel_ChargeNumber.m in Sources */,
				A6932D9B21652C32003A477B /* UMCamel_OCSIApplicable.m in Sources */,
				A6932D9F21652C32003A477B /* UMCamel_ServiceInteractionIndicatorsTwo.m in Sources */,
				A6932DAA21652C32003A477B /* UMCamelObject.m in Sources */,
				A6932D8C21652C32003A477B /* UMCamel_GenericNumbers.m in Sources */,
				A6F6D59E21652D31007BF702 /* UMCamel_InitialDPSMSArg.m in Sources */,
				A6932D8821652C32003A477B /* UMCamel_EventTypeBCSM.m in Sources */,
				A6932D9D21652C32003A477B /* UMCamel_RedirectingPartyID.m in Sources */,
				A6932DA421652C32003A477B /* UMCamel_TimeAndTimezone.m in Sources */,
				A6932D9821652C32003A477B /* UMCamel_LocationNumber.m in Sources */,
				A6932D8621652C32003A477B /* UMCamel_DestinationRoutingAddress.m in Sources */,
				A6932D9321652C32003A477B /* UMCamel_IPSSPCapabilities.m in Sources */,
				A6932D9A21652C32003A477B /* UMCamel_NAOliInfo.m in Sources */,
				A6932D8E21652C32003A477B /* UMCamel_HighLayerCompatibility.m in Sources */,
				A6932D8921652C32003A477B /* UMCamel_EventTypeSMS.m in Sources */,
				A6932DA121652C32003A477B /* UMCamel_SMS_AddressString.m in Sources */,
				A6932D7721652C32003A477B /* UMCamel_AdditionalCallingPartyNumber.m in Sources */,
				A6932D8521652C32003A477B /* UMCamel_CUG_Interlock.m in Sources */,
				A6932D8A21652C32003A477B /* UMCamel_Ext_BasicServiceCode.m in Sources */,
				A6932DA821652C32003A477B /* UMCamel_TPValidityPeriod.m in Sources */,
				A6932D8721652C32003A477B /* UMCamel_EtsiNumber.m in Sources */,
				A6932D9521652C32003A477B /* UMCamel_LegID.m in Sources */,
				A6932DA021652C32003A477B /* UMCamel_ServiceKey.m in Sources */,
				A62E083C215CD9C900D205F0 /* UMCamelDialog.m in Sources */,
			);
			runOnlyForDeploymentPostprocessing = 0;
		};
		A65781C01CF54A3600211137 /* Sources */ = {
			isa = PBXSourcesBuildPhase;
			buildActionMask = 2147483647;
			files = (
				A65781CA1CF54A3600211137 /* ulibcamelTests.m in Sources */,
			);
			runOnlyForDeploymentPostprocessing = 0;
		};
		A6BD35CB215DFB86002085BA /* Sources */ = {
			isa = PBXSourcesBuildPhase;
			buildActionMask = 2147483647;
			files = (
				A6BD35E2215DFD2E002085BA /* AppDelegate.m in Sources */,
				A6BD35D2215DFB86002085BA /* main.m in Sources */,
			);
			runOnlyForDeploymentPostprocessing = 0;
		};
/* End PBXSourcesBuildPhase section */

/* Begin PBXTargetDependency section */
		A65781C71CF54A3600211137 /* PBXTargetDependency */ = {
			isa = PBXTargetDependency;
			target = A65781B91CF54A3600211137 /* ulibcamel */;
			targetProxy = A65781C61CF54A3600211137 /* PBXContainerItemProxy */;
		};
/* End PBXTargetDependency section */

/* Begin XCBuildConfiguration section */
		A65781CC1CF54A3600211137 /* Debug */ = {
			isa = XCBuildConfiguration;
			buildSettings = {
				ALWAYS_SEARCH_USER_PATHS = NO;
				CLANG_ALLOW_NON_MODULAR_INCLUDES_IN_FRAMEWORK_MODULES = YES;
				CLANG_ANALYZER_NONNULL = YES;
				CLANG_CXX_LANGUAGE_STANDARD = "gnu++0x";
				CLANG_CXX_LIBRARY = "libc++";
				CLANG_ENABLE_MODULES = NO;
				CLANG_ENABLE_OBJC_ARC = YES;
				CLANG_WARN_BLOCK_CAPTURE_AUTORELEASING = YES;
				CLANG_WARN_BOOL_CONVERSION = YES;
				CLANG_WARN_COMMA = YES;
				CLANG_WARN_CONSTANT_CONVERSION = YES;
				CLANG_WARN_DEPRECATED_OBJC_IMPLEMENTATIONS = YES;
				CLANG_WARN_DIRECT_OBJC_ISA_USAGE = YES_ERROR;
				CLANG_WARN_EMPTY_BODY = YES;
				CLANG_WARN_ENUM_CONVERSION = YES;
				CLANG_WARN_INFINITE_RECURSION = YES;
				CLANG_WARN_INT_CONVERSION = YES;
				CLANG_WARN_NON_LITERAL_NULL_CONVERSION = YES;
				CLANG_WARN_OBJC_IMPLICIT_RETAIN_SELF = YES;
				CLANG_WARN_OBJC_LITERAL_CONVERSION = YES;
				CLANG_WARN_OBJC_ROOT_CLASS = YES_ERROR;
				CLANG_WARN_RANGE_LOOP_ANALYSIS = YES;
				CLANG_WARN_STRICT_PROTOTYPES = YES;
				CLANG_WARN_SUSPICIOUS_MOVE = YES;
				CLANG_WARN_UNREACHABLE_CODE = YES;
				CLANG_WARN__DUPLICATE_METHOD_MATCH = YES;
				COPY_PHASE_STRIP = NO;
				CURRENT_PROJECT_VERSION = 1;
				DEBUG_INFORMATION_FORMAT = dwarf;
				DEPLOYMENT_LOCATION = YES;
				DEPLOYMENT_POSTPROCESSING = YES;
				ENABLE_STRICT_OBJC_MSGSEND = YES;
				ENABLE_TESTABILITY = YES;
				GCC_C_LANGUAGE_STANDARD = gnu99;
				GCC_DYNAMIC_NO_PIC = NO;
				GCC_NO_COMMON_BLOCKS = YES;
				GCC_OPTIMIZATION_LEVEL = 0;
				GCC_PREPROCESSOR_DEFINITIONS = (
					"DEBUG=1",
					"$(inherited)",
				);
				GCC_WARN_64_TO_32_BIT_CONVERSION = YES;
				GCC_WARN_ABOUT_RETURN_TYPE = YES_ERROR;
				GCC_WARN_UNDECLARED_SELECTOR = YES;
				GCC_WARN_UNINITIALIZED_AUTOS = YES_AGGRESSIVE;
				GCC_WARN_UNUSED_FUNCTION = YES;
				GCC_WARN_UNUSED_VARIABLE = YES;
				MACOSX_DEPLOYMENT_TARGET = 10.8;
				MTL_ENABLE_DEBUG_INFO = YES;
				ONLY_ACTIVE_ARCH = YES;
				SDKROOT = macosx;
				STRIP_INSTALLED_PRODUCT = NO;
				VERSIONING_SYSTEM = "apple-generic";
				VERSION_INFO_PREFIX = "";
			};
			name = Debug;
		};
		A65781CD1CF54A3600211137 /* Release */ = {
			isa = XCBuildConfiguration;
			buildSettings = {
				ALWAYS_SEARCH_USER_PATHS = NO;
				CLANG_ALLOW_NON_MODULAR_INCLUDES_IN_FRAMEWORK_MODULES = YES;
				CLANG_ANALYZER_NONNULL = YES;
				CLANG_CXX_LANGUAGE_STANDARD = "gnu++0x";
				CLANG_CXX_LIBRARY = "libc++";
				CLANG_ENABLE_MODULES = NO;
				CLANG_ENABLE_OBJC_ARC = YES;
				CLANG_WARN_BLOCK_CAPTURE_AUTORELEASING = YES;
				CLANG_WARN_BOOL_CONVERSION = YES;
				CLANG_WARN_COMMA = YES;
				CLANG_WARN_CONSTANT_CONVERSION = YES;
				CLANG_WARN_DEPRECATED_OBJC_IMPLEMENTATIONS = YES;
				CLANG_WARN_DIRECT_OBJC_ISA_USAGE = YES_ERROR;
				CLANG_WARN_EMPTY_BODY = YES;
				CLANG_WARN_ENUM_CONVERSION = YES;
				CLANG_WARN_INFINITE_RECURSION = YES;
				CLANG_WARN_INT_CONVERSION = YES;
				CLANG_WARN_NON_LITERAL_NULL_CONVERSION = YES;
				CLANG_WARN_OBJC_IMPLICIT_RETAIN_SELF = YES;
				CLANG_WARN_OBJC_LITERAL_CONVERSION = YES;
				CLANG_WARN_OBJC_ROOT_CLASS = YES_ERROR;
				CLANG_WARN_RANGE_LOOP_ANALYSIS = YES;
				CLANG_WARN_STRICT_PROTOTYPES = YES;
				CLANG_WARN_SUSPICIOUS_MOVE = YES;
				CLANG_WARN_UNREACHABLE_CODE = YES;
				CLANG_WARN__DUPLICATE_METHOD_MATCH = YES;
				COPY_PHASE_STRIP = YES;
				CURRENT_PROJECT_VERSION = 1;
				DEBUG_INFORMATION_FORMAT = "dwarf-with-dsym";
				DEPLOYMENT_LOCATION = YES;
				DEPLOYMENT_POSTPROCESSING = YES;
				ENABLE_NS_ASSERTIONS = NO;
				ENABLE_STRICT_OBJC_MSGSEND = YES;
				GCC_C_LANGUAGE_STANDARD = gnu99;
				GCC_NO_COMMON_BLOCKS = YES;
				GCC_WARN_64_TO_32_BIT_CONVERSION = YES;
				GCC_WARN_ABOUT_RETURN_TYPE = YES_ERROR;
				GCC_WARN_UNDECLARED_SELECTOR = YES;
				GCC_WARN_UNINITIALIZED_AUTOS = YES_AGGRESSIVE;
				GCC_WARN_UNUSED_FUNCTION = YES;
				GCC_WARN_UNUSED_VARIABLE = YES;
				MACOSX_DEPLOYMENT_TARGET = 10.8;
				MTL_ENABLE_DEBUG_INFO = NO;
				SDKROOT = macosx;
				STRIP_INSTALLED_PRODUCT = NO;
				VERSIONING_SYSTEM = "apple-generic";
				VERSION_INFO_PREFIX = "";
			};
			name = Release;
		};
		A65781CF1CF54A3600211137 /* Debug */ = {
			isa = XCBuildConfiguration;
			buildSettings = {
				CODE_SIGN_IDENTITY = "";
				DEFINES_MODULE = NO;
				DEVELOPMENT_TEAM = "";
				DSTROOT = /;
				DYLIB_COMPATIBILITY_VERSION = 1;
				DYLIB_CURRENT_VERSION = 1;
				DYLIB_INSTALL_NAME_BASE = "@rpath";
				FRAMEWORK_SEARCH_PATHS = (
					"$(inherited)",
					"$(LOCAL_LIBRARY_DIR)/Frameworks",
				);
				FRAMEWORK_VERSION = A;
				INFOPLIST_FILE = ulibcamel/Info.plist;
				LD_RUNPATH_SEARCH_PATHS = "$(inherited) @executable_path/../Frameworks @loader_path/Frameworks";
				MACOSX_DEPLOYMENT_TARGET = 10.8;
				PRODUCT_BUNDLE_IDENTIFIER = me.fink.ulibcamel;
				PRODUCT_NAME = "$(TARGET_NAME)";
			};
			name = Debug;
		};
		A65781D01CF54A3600211137 /* Release */ = {
			isa = XCBuildConfiguration;
			buildSettings = {
				CODE_SIGN_IDENTITY = "";
				DEFINES_MODULE = NO;
				DEVELOPMENT_TEAM = "";
				DSTROOT = /;
				DYLIB_COMPATIBILITY_VERSION = 1;
				DYLIB_CURRENT_VERSION = 1;
				DYLIB_INSTALL_NAME_BASE = "@rpath";
				FRAMEWORK_SEARCH_PATHS = (
					"$(inherited)",
					"$(LOCAL_LIBRARY_DIR)/Frameworks",
				);
				FRAMEWORK_VERSION = A;
				INFOPLIST_FILE = ulibcamel/Info.plist;
				LD_RUNPATH_SEARCH_PATHS = "$(inherited) @executable_path/../Frameworks @loader_path/Frameworks";
				MACOSX_DEPLOYMENT_TARGET = 10.8;
				PRODUCT_BUNDLE_IDENTIFIER = me.fink.ulibcamel;
				PRODUCT_NAME = "$(TARGET_NAME)";
			};
			name = Release;
		};
		A65781D21CF54A3600211137 /* Debug */ = {
			isa = XCBuildConfiguration;
			buildSettings = {
				COMBINE_HIDPI_IMAGES = YES;
				FRAMEWORK_SEARCH_PATHS = (
					"$(inherited)",
					"$(LOCAL_LIBRARY_DIR)/Frameworks",
				);
				INFOPLIST_FILE = ulibcamelTests/Info.plist;
				LD_RUNPATH_SEARCH_PATHS = "$(inherited) @executable_path/../Frameworks @loader_path/../Frameworks";
				PRODUCT_BUNDLE_IDENTIFIER = me.fink.ulibcamelTests;
				PRODUCT_NAME = "$(TARGET_NAME)";
			};
			name = Debug;
		};
		A65781D31CF54A3600211137 /* Release */ = {
			isa = XCBuildConfiguration;
			buildSettings = {
				COMBINE_HIDPI_IMAGES = YES;
				FRAMEWORK_SEARCH_PATHS = (
					"$(inherited)",
					"$(LOCAL_LIBRARY_DIR)/Frameworks",
				);
				INFOPLIST_FILE = ulibcamelTests/Info.plist;
				LD_RUNPATH_SEARCH_PATHS = "$(inherited) @executable_path/../Frameworks @loader_path/../Frameworks";
				PRODUCT_BUNDLE_IDENTIFIER = me.fink.ulibcamelTests;
				PRODUCT_NAME = "$(TARGET_NAME)";
			};
			name = Release;
		};
		A6BD35D3215DFB86002085BA /* Debug */ = {
			isa = XCBuildConfiguration;
			buildSettings = {
				CLANG_ANALYZER_NUMBER_OBJECT_CONVERSION = YES_AGGRESSIVE;
				CLANG_CXX_LANGUAGE_STANDARD = "gnu++14";
				CLANG_ENABLE_MODULES = YES;
				CLANG_ENABLE_OBJC_WEAK = YES;
				CLANG_WARN_DOCUMENTATION_COMMENTS = YES;
				CLANG_WARN_UNGUARDED_AVAILABILITY = YES_AGGRESSIVE;
				CODE_SIGN_IDENTITY = "Mac Developer";
				CODE_SIGN_STYLE = Automatic;
				DEVELOPMENT_TEAM = 2GSNWPNR77;
				FRAMEWORK_SEARCH_PATHS = (
					"$(inherited)",
					"$(LOCAL_LIBRARY_DIR)/Frameworks",
				);
				GCC_C_LANGUAGE_STANDARD = gnu11;
				MACOSX_DEPLOYMENT_TARGET = 10.13;
				MTL_ENABLE_DEBUG_INFO = INCLUDE_SOURCE;
				MTL_FAST_MATH = YES;
				PRODUCT_NAME = "$(TARGET_NAME)";
			};
			name = Debug;
		};
		A6BD35D4215DFB86002085BA /* Release */ = {
			isa = XCBuildConfiguration;
			buildSettings = {
				CLANG_ANALYZER_NUMBER_OBJECT_CONVERSION = YES_AGGRESSIVE;
				CLANG_CXX_LANGUAGE_STANDARD = "gnu++14";
				CLANG_ENABLE_MODULES = YES;
				CLANG_ENABLE_OBJC_WEAK = YES;
				CLANG_WARN_DOCUMENTATION_COMMENTS = YES;
				CLANG_WARN_UNGUARDED_AVAILABILITY = YES_AGGRESSIVE;
				CODE_SIGN_IDENTITY = "Mac Developer";
				CODE_SIGN_STYLE = Automatic;
				COPY_PHASE_STRIP = NO;
				DEVELOPMENT_TEAM = 2GSNWPNR77;
				FRAMEWORK_SEARCH_PATHS = (
					"$(inherited)",
					"$(LOCAL_LIBRARY_DIR)/Frameworks",
				);
				GCC_C_LANGUAGE_STANDARD = gnu11;
				MACOSX_DEPLOYMENT_TARGET = 10.13;
				MTL_FAST_MATH = YES;
				PRODUCT_NAME = "$(TARGET_NAME)";
			};
			name = Release;
		};
/* End XCBuildConfiguration section */

/* Begin XCConfigurationList section */
		A65781B41CF54A3600211137 /* Build configuration list for PBXProject "ulibcamel" */ = {
			isa = XCConfigurationList;
			buildConfigurations = (
				A65781CC1CF54A3600211137 /* Debug */,
				A65781CD1CF54A3600211137 /* Release */,
			);
			defaultConfigurationIsVisible = 0;
			defaultConfigurationName = Release;
		};
		A65781CE1CF54A3600211137 /* Build configuration list for PBXNativeTarget "ulibcamel" */ = {
			isa = XCConfigurationList;
			buildConfigurations = (
				A65781CF1CF54A3600211137 /* Debug */,
				A65781D01CF54A3600211137 /* Release */,
			);
			defaultConfigurationIsVisible = 0;
			defaultConfigurationName = Release;
		};
		A65781D11CF54A3600211137 /* Build configuration list for PBXNativeTarget "ulibcamelTests" */ = {
			isa = XCConfigurationList;
			buildConfigurations = (
				A65781D21CF54A3600211137 /* Debug */,
				A65781D31CF54A3600211137 /* Release */,
			);
			defaultConfigurationIsVisible = 0;
			defaultConfigurationName = Release;
		};
		A6BD35D5215DFB86002085BA /* Build configuration list for PBXNativeTarget "decode-camel" */ = {
			isa = XCConfigurationList;
			buildConfigurations = (
				A6BD35D3215DFB86002085BA /* Debug */,
				A6BD35D4215DFB86002085BA /* Release */,
			);
			defaultConfigurationIsVisible = 0;
			defaultConfigurationName = Release;
		};
/* End XCConfigurationList section */
	};
	rootObject = A65781B11CF54A3600211137 /* Project object */;
}
